// !$*UTF8*$!
{
	archiveVersion = 1;
	classes = {
	};
	objectVersion = 46;
	objects = {

/* Begin PBXBuildFile section */
		F47737461E71DF0300EA3220 /* AppDelegate.swift in Sources */ = {isa = PBXBuildFile; fileRef = F47737451E71DF0300EA3220 /* AppDelegate.swift */; };
		F47737481E71DF0300EA3220 /* ViewController.swift in Sources */ = {isa = PBXBuildFile; fileRef = F47737471E71DF0300EA3220 /* ViewController.swift */; };
		F477374B1E71DF0300EA3220 /* Main.storyboard in Resources */ = {isa = PBXBuildFile; fileRef = F47737491E71DF0300EA3220 /* Main.storyboard */; };
		F477374D1E71DF0300EA3220 /* Assets.xcassets in Resources */ = {isa = PBXBuildFile; fileRef = F477374C1E71DF0300EA3220 /* Assets.xcassets */; };
		F47737501E71DF0300EA3220 /* LaunchScreen.storyboard in Resources */ = {isa = PBXBuildFile; fileRef = F477374E1E71DF0300EA3220 /* LaunchScreen.storyboard */; };
		F477375B1E71DF0300EA3220 /* TicTacToeTests.swift in Sources */ = {isa = PBXBuildFile; fileRef = F477375A1E71DF0300EA3220 /* TicTacToeTests.swift */; };
		F47737661E71DF0300EA3220 /* TicTacToeUITests.swift in Sources */ = {isa = PBXBuildFile; fileRef = F47737651E71DF0300EA3220 /* TicTacToeUITests.swift */; };
/* End PBXBuildFile section */

/* Begin PBXContainerItemProxy section */
		F47737571E71DF0300EA3220 /* PBXContainerItemProxy */ = {
			isa = PBXContainerItemProxy;
			containerPortal = F477373A1E71DF0300EA3220 /* Project object */;
			proxyType = 1;
			remoteGlobalIDString = F47737411E71DF0300EA3220;
			remoteInfo = TicTacToe;
		};
		F47737621E71DF0300EA3220 /* PBXContainerItemProxy */ = {
			isa = PBXContainerItemProxy;
			containerPortal = F477373A1E71DF0300EA3220 /* Project object */;
			proxyType = 1;
			remoteGlobalIDString = F47737411E71DF0300EA3220;
			remoteInfo = TicTacToe;
		};
/* End PBXContainerItemProxy section */

/* Begin PBXFileReference section */
		F47737421E71DF0300EA3220 /* TicTacToe.app */ = {isa = PBXFileReference; explicitFileType = wrapper.application; includeInIndex = 0; path = TicTacToe.app; sourceTree = BUILT_PRODUCTS_DIR; };
		F47737451E71DF0300EA3220 /* AppDelegate.swift */ = {isa = PBXFileReference; lastKnownFileType = sourcecode.swift; path = AppDelegate.swift; sourceTree = "<group>"; };
		F47737471E71DF0300EA3220 /* ViewController.swift */ = {isa = PBXFileReference; lastKnownFileType = sourcecode.swift; path = ViewController.swift; sourceTree = "<group>"; };
		F477374A1E71DF0300EA3220 /* Base */ = {isa = PBXFileReference; lastKnownFileType = file.storyboard; name = Base; path = Base.lproj/Main.storyboard; sourceTree = "<group>"; };
		F477374C1E71DF0300EA3220 /* Assets.xcassets */ = {isa = PBXFileReference; lastKnownFileType = folder.assetcatalog; path = Assets.xcassets; sourceTree = "<group>"; };
		F477374F1E71DF0300EA3220 /* Base */ = {isa = PBXFileReference; lastKnownFileType = file.storyboard; name = Base; path = Base.lproj/LaunchScreen.storyboard; sourceTree = "<group>"; };
		F47737511E71DF0300EA3220 /* Info.plist */ = {isa = PBXFileReference; lastKnownFileType = text.plist.xml; path = Info.plist; sourceTree = "<group>"; };
		F47737561E71DF0300EA3220 /* TicTacToeTests.xctest */ = {isa = PBXFileReference; explicitFileType = wrapper.cfbundle; includeInIndex = 0; path = TicTacToeTests.xctest; sourceTree = BUILT_PRODUCTS_DIR; };
		F477375A1E71DF0300EA3220 /* TicTacToeTests.swift */ = {isa = PBXFileReference; lastKnownFileType = sourcecode.swift; path = TicTacToeTests.swift; sourceTree = "<group>"; };
		F477375C1E71DF0300EA3220 /* Info.plist */ = {isa = PBXFileReference; lastKnownFileType = text.plist.xml; path = Info.plist; sourceTree = "<group>"; };
		F47737611E71DF0300EA3220 /* TicTacToeUITests.xctest */ = {isa = PBXFileReference; explicitFileType = wrapper.cfbundle; includeInIndex = 0; path = TicTacToeUITests.xctest; sourceTree = BUILT_PRODUCTS_DIR; };
		F47737651E71DF0300EA3220 /* TicTacToeUITests.swift */ = {isa = PBXFileReference; lastKnownFileType = sourcecode.swift; path = TicTacToeUITests.swift; sourceTree = "<group>"; };
		F47737671E71DF0300EA3220 /* Info.plist */ = {isa = PBXFileReference; lastKnownFileType = text.plist.xml; path = Info.plist; sourceTree = "<group>"; };
/* End PBXFileReference section */

/* Begin PBXFrameworksBuildPhase section */
		F477373F1E71DF0300EA3220 /* Frameworks */ = {
			isa = PBXFrameworksBuildPhase;
			buildActionMask = 2147483647;
			files = (
			);
			runOnlyForDeploymentPostprocessing = 0;
		};
		F47737531E71DF0300EA3220 /* Frameworks */ = {
			isa = PBXFrameworksBuildPhase;
			buildActionMask = 2147483647;
			files = (
			);
			runOnlyForDeploymentPostprocessing = 0;
		};
		F477375E1E71DF0300EA3220 /* Frameworks */ = {
			isa = PBXFrameworksBuildPhase;
			buildActionMask = 2147483647;
			files = (
			);
			runOnlyForDeploymentPostprocessing = 0;
		};
/* End PBXFrameworksBuildPhase section */

/* Begin PBXGroup section */
		F47737391E71DF0300EA3220 = {
			isa = PBXGroup;
			children = (
				F47737441E71DF0300EA3220 /* TicTacToe */,
				F47737591E71DF0300EA3220 /* TicTacToeTests */,
				F47737641E71DF0300EA3220 /* TicTacToeUITests */,
				F47737431E71DF0300EA3220 /* Products */,
			);
			sourceTree = "<group>";
		};
		F47737431E71DF0300EA3220 /* Products */ = {
			isa = PBXGroup;
			children = (
				F47737421E71DF0300EA3220 /* TicTacToe.app */,
				F47737561E71DF0300EA3220 /* TicTacToeTests.xctest */,
				F47737611E71DF0300EA3220 /* TicTacToeUITests.xctest */,
			);
			name = Products;
			sourceTree = "<group>";
		};
		F47737441E71DF0300EA3220 /* TicTacToe */ = {
			isa = PBXGroup;
			children = (
				F47737451E71DF0300EA3220 /* AppDelegate.swift */,
				F47737471E71DF0300EA3220 /* ViewController.swift */,
				F47737491E71DF0300EA3220 /* Main.storyboard */,
				F477374C1E71DF0300EA3220 /* Assets.xcassets */,
				F477374E1E71DF0300EA3220 /* LaunchScreen.storyboard */,
				F47737511E71DF0300EA3220 /* Info.plist */,
			);
			path = TicTacToe;
			sourceTree = "<group>";
		};
		F47737591E71DF0300EA3220 /* TicTacToeTests */ = {
			isa = PBXGroup;
			children = (
				F477375A1E71DF0300EA3220 /* TicTacToeTests.swift */,
				F477375C1E71DF0300EA3220 /* Info.plist */,
			);
			path = TicTacToeTests;
			sourceTree = "<group>";
		};
		F47737641E71DF0300EA3220 /* TicTacToeUITests */ = {
			isa = PBXGroup;
			children = (
				F47737651E71DF0300EA3220 /* TicTacToeUITests.swift */,
				F47737671E71DF0300EA3220 /* Info.plist */,
			);
			path = TicTacToeUITests;
			sourceTree = "<group>";
		};
/* End PBXGroup section */

/* Begin PBXNativeTarget section */
		F47737411E71DF0300EA3220 /* TicTacToe */ = {
			isa = PBXNativeTarget;
			buildConfigurationList = F477376A1E71DF0300EA3220 /* Build configuration list for PBXNativeTarget "TicTacToe" */;
			buildPhases = (
				F477373E1E71DF0300EA3220 /* Sources */,
				F477373F1E71DF0300EA3220 /* Frameworks */,
				F47737401E71DF0300EA3220 /* Resources */,
			);
			buildRules = (
			);
			dependencies = (
			);
			name = TicTacToe;
			productName = TicTacToe;
			productReference = F47737421E71DF0300EA3220 /* TicTacToe.app */;
			productType = "com.apple.product-type.application";
		};
		F47737551E71DF0300EA3220 /* TicTacToeTests */ = {
			isa = PBXNativeTarget;
			buildConfigurationList = F477376D1E71DF0300EA3220 /* Build configuration list for PBXNativeTarget "TicTacToeTests" */;
			buildPhases = (
				F47737521E71DF0300EA3220 /* Sources */,
				F47737531E71DF0300EA3220 /* Frameworks */,
				F47737541E71DF0300EA3220 /* Resources */,
			);
			buildRules = (
			);
			dependencies = (
				F47737581E71DF0300EA3220 /* PBXTargetDependency */,
			);
			name = TicTacToeTests;
			productName = TicTacToeTests;
			productReference = F47737561E71DF0300EA3220 /* TicTacToeTests.xctest */;
			productType = "com.apple.product-type.bundle.unit-test";
		};
		F47737601E71DF0300EA3220 /* TicTacToeUITests */ = {
			isa = PBXNativeTarget;
			buildConfigurationList = F47737701E71DF0300EA3220 /* Build configuration list for PBXNativeTarget "TicTacToeUITests" */;
			buildPhases = (
				F477375D1E71DF0300EA3220 /* Sources */,
				F477375E1E71DF0300EA3220 /* Frameworks */,
				F477375F1E71DF0300EA3220 /* Resources */,
			);
			buildRules = (
			);
			dependencies = (
				F47737631E71DF0300EA3220 /* PBXTargetDependency */,
			);
			name = TicTacToeUITests;
			productName = TicTacToeUITests;
			productReference = F47737611E71DF0300EA3220 /* TicTacToeUITests.xctest */;
			productType = "com.apple.product-type.bundle.ui-testing";
		};
/* End PBXNativeTarget section */

/* Begin PBXProject section */
		F477373A1E71DF0300EA3220 /* Project object */ = {
			isa = PBXProject;
			attributes = {
				LastSwiftUpdateCheck = 0820;
				LastUpgradeCheck = 0820;
				ORGANIZATIONNAME = "Joseph Zoland";
				TargetAttributes = {
					F47737411E71DF0300EA3220 = {
						CreatedOnToolsVersion = 8.2.1;
						ProvisioningStyle = Automatic;
					};
					F47737551E71DF0300EA3220 = {
						CreatedOnToolsVersion = 8.2.1;
						ProvisioningStyle = Automatic;
						TestTargetID = F47737411E71DF0300EA3220;
					};
					F47737601E71DF0300EA3220 = {
						CreatedOnToolsVersion = 8.2.1;
						ProvisioningStyle = Automatic;
						TestTargetID = F47737411E71DF0300EA3220;
					};
				};
			};
			buildConfigurationList = F477373D1E71DF0300EA3220 /* Build configuration list for PBXProject "TicTacToe" */;
			compatibilityVersion = "Xcode 3.2";
			developmentRegion = English;
			hasScannedForEncodings = 0;
			knownRegions = (
				en,
				Base,
			);
			mainGroup = F47737391E71DF0300EA3220;
			productRefGroup = F47737431E71DF0300EA3220 /* Products */;
			projectDirPath = "";
			projectRoot = "";
			targets = (
				F47737411E71DF0300EA3220 /* TicTacToe */,
				F47737551E71DF0300EA3220 /* TicTacToeTests */,
				F47737601E71DF0300EA3220 /* TicTacToeUITests */,
			);
		};
/* End PBXProject section */

/* Begin PBXResourcesBuildPhase section */
		F47737401E71DF0300EA3220 /* Resources */ = {
			isa = PBXResourcesBuildPhase;
			buildActionMask = 2147483647;
			files = (
				F47737501E71DF0300EA3220 /* LaunchScreen.storyboard in Resources */,
				F477374D1E71DF0300EA3220 /* Assets.xcassets in Resources */,
				F477374B1E71DF0300EA3220 /* Main.storyboard in Resources */,
			);
			runOnlyForDeploymentPostprocessing = 0;
		};
		F47737541E71DF0300EA3220 /* Resources */ = {
			isa = PBXResourcesBuildPhase;
			buildActionMask = 2147483647;
			files = (
			);
			runOnlyForDeploymentPostprocessing = 0;
		};
		F477375F1E71DF0300EA3220 /* Resources */ = {
			isa = PBXResourcesBuildPhase;
			buildActionMask = 2147483647;
			files = (
			);
			runOnlyForDeploymentPostprocessing = 0;
		};
/* End PBXResourcesBuildPhase section */

/* Begin PBXSourcesBuildPhase section */
		F477373E1E71DF0300EA3220 /* Sources */ = {
			isa = PBXSourcesBuildPhase;
			buildActionMask = 2147483647;
			files = (
				F47737481E71DF0300EA3220 /* ViewController.swift in Sources */,
				F47737461E71DF0300EA3220 /* AppDelegate.swift in Sources */,
			);
			runOnlyForDeploymentPostprocessing = 0;
		};
		F47737521E71DF0300EA3220 /* Sources */ = {
			isa = PBXSourcesBuildPhase;
			buildActionMask = 2147483647;
			files = (
				F477375B1E71DF0300EA3220 /* TicTacToeTests.swift in Sources */,
			);
			runOnlyForDeploymentPostprocessing = 0;
		};
		F477375D1E71DF0300EA3220 /* Sources */ = {
			isa = PBXSourcesBuildPhase;
			buildActionMask = 2147483647;
			files = (
				F47737661E71DF0300EA3220 /* TicTacToeUITests.swift in Sources */,
			);
			runOnlyForDeploymentPostprocessing = 0;
		};
/* End PBXSourcesBuildPhase section */

/* Begin PBXTargetDependency section */
		F47737581E71DF0300EA3220 /* PBXTargetDependency */ = {
			isa = PBXTargetDependency;
			target = F47737411E71DF0300EA3220 /* TicTacToe */;
			targetProxy = F47737571E71DF0300EA3220 /* PBXContainerItemProxy */;
		};
		F47737631E71DF0300EA3220 /* PBXTargetDependency */ = {
			isa = PBXTargetDependency;
			target = F47737411E71DF0300EA3220 /* TicTacToe */;
			targetProxy = F47737621E71DF0300EA3220 /* PBXContainerItemProxy */;
		};
/* End PBXTargetDependency section */

/* Begin PBXVariantGroup section */
		F47737491E71DF0300EA3220 /* Main.storyboard */ = {
			isa = PBXVariantGroup;
			children = (
				F477374A1E71DF0300EA3220 /* Base */,
			);
			name = Main.storyboard;
			sourceTree = "<group>";
		};
		F477374E1E71DF0300EA3220 /* LaunchScreen.storyboard */ = {
			isa = PBXVariantGroup;
			children = (
				F477374F1E71DF0300EA3220 /* Base */,
			);
			name = LaunchScreen.storyboard;
			sourceTree = "<group>";
		};
/* End PBXVariantGroup section */

/* Begin XCBuildConfiguration section */
		F47737681E71DF0300EA3220 /* Debug */ = {
			isa = XCBuildConfiguration;
			buildSettings = {
				ALWAYS_SEARCH_USER_PATHS = NO;
				CLANG_ANALYZER_NONNULL = YES;
				CLANG_CXX_LANGUAGE_STANDARD = "gnu++0x";
				CLANG_CXX_LIBRARY = "libc++";
				CLANG_ENABLE_MODULES = YES;
				CLANG_ENABLE_OBJC_ARC = YES;
				CLANG_WARN_BOOL_CONVERSION = YES;
				CLANG_WARN_CONSTANT_CONVERSION = YES;
				CLANG_WARN_DIRECT_OBJC_ISA_USAGE = YES_ERROR;
				CLANG_WARN_DOCUMENTATION_COMMENTS = YES;
				CLANG_WARN_EMPTY_BODY = YES;
				CLANG_WARN_ENUM_CONVERSION = YES;
				CLANG_WARN_INFINITE_RECURSION = YES;
				CLANG_WARN_INT_CONVERSION = YES;
				CLANG_WARN_OBJC_ROOT_CLASS = YES_ERROR;
				CLANG_WARN_SUSPICIOUS_MOVE = YES;
				CLANG_WARN_UNREACHABLE_CODE = YES;
				CLANG_WARN__DUPLICATE_METHOD_MATCH = YES;
				"CODE_SIGN_IDENTITY[sdk=iphoneos*]" = "iPhone Developer";
				COPY_PHASE_STRIP = NO;
				DEBUG_INFORMATION_FORMAT = dwarf;
				ENABLE_STRICT_OBJC_MSGSEND = YES;
				ENABLE_TESTABILITY = YES;
				GCC_C_LANGUAGE_STANDARD = gnu99;
				GCC_DYNAMIC_NO_PIC = NO;
				GCC_NO_COMMON_BLOCKS = YES;
				GCC_OPTIMIZATION_LEVEL = 0;
				GCC_PREPROCESSOR_DEFINITIONS = (
					"DEBUG=1",
					"$(inherited)",
				);
				GCC_WARN_64_TO_32_BIT_CONVERSION = YES;
				GCC_WARN_ABOUT_RETURN_TYPE = YES_ERROR;
				GCC_WARN_UNDECLARED_SELECTOR = YES;
				GCC_WARN_UNINITIALIZED_AUTOS = YES_AGGRESSIVE;
				GCC_WARN_UNUSED_FUNCTION = YES;
				GCC_WARN_UNUSED_VARIABLE = YES;
				IPHONEOS_DEPLOYMENT_TARGET = 10.2;
				MTL_ENABLE_DEBUG_INFO = YES;
				ONLY_ACTIVE_ARCH = YES;
				SDKROOT = iphoneos;
				SWIFT_ACTIVE_COMPILATION_CONDITIONS = DEBUG;
				SWIFT_OPTIMIZATION_LEVEL = "-Onone";
				TARGETED_DEVICE_FAMILY = "1,2";
			};
			name = Debug;
		};
		F47737691E71DF0300EA3220 /* Release */ = {
			isa = XCBuildConfiguration;
			buildSettings = {
				ALWAYS_SEARCH_USER_PATHS = NO;
				CLANG_ANALYZER_NONNULL = YES;
				CLANG_CXX_LANGUAGE_STANDARD = "gnu++0x";
				CLANG_CXX_LIBRARY = "libc++";
				CLANG_ENABLE_MODULES = YES;
				CLANG_ENABLE_OBJC_ARC = YES;
				CLANG_WARN_BOOL_CONVERSION = YES;
				CLANG_WARN_CONSTANT_CONVERSION = YES;
				CLANG_WARN_DIRECT_OBJC_ISA_USAGE = YES_ERROR;
				CLANG_WARN_DOCUMENTATION_COMMENTS = YES;
				CLANG_WARN_EMPTY_BODY = YES;
				CLANG_WARN_ENUM_CONVERSION = YES;
				CLANG_WARN_INFINITE_RECURSION = YES;
				CLANG_WARN_INT_CONVERSION = YES;
				CLANG_WARN_OBJC_ROOT_CLASS = YES_ERROR;
				CLANG_WARN_SUSPICIOUS_MOVE = YES;
				CLANG_WARN_UNREACHABLE_CODE = YES;
				CLANG_WARN__DUPLICATE_METHOD_MATCH = YES;
				"CODE_SIGN_IDENTITY[sdk=iphoneos*]" = "iPhone Developer";
				COPY_PHASE_STRIP = NO;
				DEBUG_INFORMATION_FORMAT = "dwarf-with-dsym";
				ENABLE_NS_ASSERTIONS = NO;
				ENABLE_STRICT_OBJC_MSGSEND = YES;
				GCC_C_LANGUAGE_STANDARD = gnu99;
				GCC_NO_COMMON_BLOCKS = YES;
				GCC_WARN_64_TO_32_BIT_CONVERSION = YES;
				GCC_WARN_ABOUT_RETURN_TYPE = YES_ERROR;
				GCC_WARN_UNDECLARED_SELECTOR = YES;
				GCC_WARN_UNINITIALIZED_AUTOS = YES_AGGRESSIVE;
				GCC_WARN_UNUSED_FUNCTION = YES;
				GCC_WARN_UNUSED_VARIABLE = YES;
				IPHONEOS_DEPLOYMENT_TARGET = 10.2;
				MTL_ENABLE_DEBUG_INFO = NO;
				SDKROOT = iphoneos;
				SWIFT_OPTIMIZATION_LEVEL = "-Owholemodule";
				TARGETED_DEVICE_FAMILY = "1,2";
				VALIDATE_PRODUCT = YES;
			};
			name = Release;
		};
		F477376B1E71DF0300EA3220 /* Debug */ = {
			isa = XCBuildConfiguration;
			buildSettings = {
				ASSETCATALOG_COMPILER_APPICON_NAME = AppIcon;
				INFOPLIST_FILE = TicTacToe/Info.plist;
				LD_RUNPATH_SEARCH_PATHS = "$(inherited) @executable_path/Frameworks";
				PRODUCT_BUNDLE_IDENTIFIER = com.codingdojo.TicTacToe;
				PRODUCT_NAME = "$(TARGET_NAME)";
				SWIFT_VERSION = 3.0;
			};
			name = Debug;
		};
		F477376C1E71DF0300EA3220 /* Release */ = {
			isa = XCBuildConfiguration;
			buildSettings = {
				ASSETCATALOG_COMPILER_APPICON_NAME = AppIcon;
				INFOPLIST_FILE = TicTacToe/Info.plist;
				LD_RUNPATH_SEARCH_PATHS = "$(inherited) @executable_path/Frameworks";
				PRODUCT_BUNDLE_IDENTIFIER = com.codingdojo.TicTacToe;
				PRODUCT_NAME = "$(TARGET_NAME)";
				SWIFT_VERSION = 3.0;
			};
			name = Release;
		};
		F477376E1E71DF0300EA3220 /* Debug */ = {
			isa = XCBuildConfiguration;
			buildSettings = {
				ALWAYS_EMBED_SWIFT_STANDARD_LIBRARIES = YES;
				BUNDLE_LOADER = "$(TEST_HOST)";
				INFOPLIST_FILE = TicTacToeTests/Info.plist;
				LD_RUNPATH_SEARCH_PATHS = "$(inherited) @executable_path/Frameworks @loader_path/Frameworks";
				PRODUCT_BUNDLE_IDENTIFIER = com.codingdojo.TicTacToeTests;
				PRODUCT_NAME = "$(TARGET_NAME)";
				SWIFT_VERSION = 3.0;
				TEST_HOST = "$(BUILT_PRODUCTS_DIR)/TicTacToe.app/TicTacToe";
			};
			name = Debug;
		};
		F477376F1E71DF0300EA3220 /* Release */ = {
			isa = XCBuildConfiguration;
			buildSettings = {
				ALWAYS_EMBED_SWIFT_STANDARD_LIBRARIES = YES;
				BUNDLE_LOADER = "$(TEST_HOST)";
				INFOPLIST_FILE = TicTacToeTests/Info.plist;
				LD_RUNPATH_SEARCH_PATHS = "$(inherited) @executable_path/Frameworks @loader_path/Frameworks";
				PRODUCT_BUNDLE_IDENTIFIER = com.codingdojo.TicTacToeTests;
				PRODUCT_NAME = "$(TARGET_NAME)";
				SWIFT_VERSION = 3.0;
				TEST_HOST = "$(BUILT_PRODUCTS_DIR)/TicTacToe.app/TicTacToe";
			};
			name = Release;
		};
		F47737711E71DF0300EA3220 /* Debug */ = {
			isa = XCBuildConfiguration;
			buildSettings = {
				ALWAYS_EMBED_SWIFT_STANDARD_LIBRARIES = YES;
				INFOPLIST_FILE = TicTacToeUITests/Info.plist;
				LD_RUNPATH_SEARCH_PATHS = "$(inherited) @executable_path/Frameworks @loader_path/Frameworks";
				PRODUCT_BUNDLE_IDENTIFIER = com.codingdojo.TicTacToeUITests;
				PRODUCT_NAME = "$(TARGET_NAME)";
				SWIFT_VERSION = 3.0;
				TEST_TARGET_NAME = TicTacToe;
			};
			name = Debug;
		};
		F47737721E71DF0300EA3220 /* Release */ = {
			isa = XCBuildConfiguration;
			buildSettings = {
				ALWAYS_EMBED_SWIFT_STANDARD_LIBRARIES = YES;
				INFOPLIST_FILE = TicTacToeUITests/Info.plist;
				LD_RUNPATH_SEARCH_PATHS = "$(inherited) @executable_path/Frameworks @loader_path/Frameworks";
				PRODUCT_BUNDLE_IDENTIFIER = com.codingdojo.TicTacToeUITests;
				PRODUCT_NAME = "$(TARGET_NAME)";
				SWIFT_VERSION = 3.0;
				TEST_TARGET_NAME = TicTacToe;
			};
			name = Release;
		};
/* End XCBuildConfiguration section */

/* Begin XCConfigurationList section */
		F477373D1E71DF0300EA3220 /* Build configuration list for PBXProject "TicTacToe" */ = {
			isa = XCConfigurationList;
			buildConfigurations = (
				F47737681E71DF0300EA3220 /* Debug */,
				F47737691E71DF0300EA3220 /* Release */,
			);
			defaultConfigurationIsVisible = 0;
			defaultConfigurationName = Release;
		};
		F477376A1E71DF0300EA3220 /* Build configuration list for PBXNativeTarget "TicTacToe" */ = {
			isa = XCConfigurationList;
			buildConfigurations = (
				F477376B1E71DF0300EA3220 /* Debug */,
				F477376C1E71DF0300EA3220 /* Release */,
			);
			defaultConfigurationIsVisible = 0;
		};
		F477376D1E71DF0300EA3220 /* Build configuration list for PBXNativeTarget "TicTacToeTests" */ = {
			isa = XCConfigurationList;
			buildConfigurations = (
				F477376E1E71DF0300EA3220 /* Debug */,
				F477376F1E71DF0300EA3220 /* Release */,
			);
			defaultConfigurationIsVisible = 0;
		};
		F47737701E71DF0300EA3220 /* Build configuration list for PBXNativeTarget "TicTacToeUITests" */ = {
			isa = XCConfigurationList;
			buildConfigurations = (
				F47737711E71DF0300EA3220 /* Debug */,
				F47737721E71DF0300EA3220 /* Release */,
			);
			defaultConfigurationIsVisible = 0;
		};
/* End XCConfigurationList section */
	};
	rootObject = F477373A1E71DF0300EA3220 /* Project object */;
}
