// !$*UTF8*$!
{
	archiveVersion = 1;
	classes = {
	};
	objectVersion = 46;
	objects = {

/* Begin PBXBuildFile section */
		F477E7D01E70C0A600BB50D5 /* AppDelegate.swift in Sources */ = {isa = PBXBuildFile; fileRef = F477E7CF1E70C0A600BB50D5 /* AppDelegate.swift */; };
		F477E7D21E70C0A600BB50D5 /* ViewController.swift in Sources */ = {isa = PBXBuildFile; fileRef = F477E7D11E70C0A600BB50D5 /* ViewController.swift */; };
		F477E7D51E70C0A600BB50D5 /* Main.storyboard in Resources */ = {isa = PBXBuildFile; fileRef = F477E7D31E70C0A600BB50D5 /* Main.storyboard */; };
		F477E7D71E70C0A600BB50D5 /* Assets.xcassets in Resources */ = {isa = PBXBuildFile; fileRef = F477E7D61E70C0A600BB50D5 /* Assets.xcassets */; };
		F477E7DA1E70C0A600BB50D5 /* LaunchScreen.storyboard in Resources */ = {isa = PBXBuildFile; fileRef = F477E7D81E70C0A600BB50D5 /* LaunchScreen.storyboard */; };
		F477E7E51E70C0A600BB50D5 /* coldCallTests.swift in Sources */ = {isa = PBXBuildFile; fileRef = F477E7E41E70C0A600BB50D5 /* coldCallTests.swift */; };
		F477E7F01E70C0A700BB50D5 /* coldCallUITests.swift in Sources */ = {isa = PBXBuildFile; fileRef = F477E7EF1E70C0A700BB50D5 /* coldCallUITests.swift */; };
/* End PBXBuildFile section */

/* Begin PBXContainerItemProxy section */
		F477E7E11E70C0A600BB50D5 /* PBXContainerItemProxy */ = {
			isa = PBXContainerItemProxy;
			containerPortal = F477E7C41E70C0A500BB50D5 /* Project object */;
			proxyType = 1;
			remoteGlobalIDString = F477E7CB1E70C0A500BB50D5;
			remoteInfo = coldCall;
		};
		F477E7EC1E70C0A700BB50D5 /* PBXContainerItemProxy */ = {
			isa = PBXContainerItemProxy;
			containerPortal = F477E7C41E70C0A500BB50D5 /* Project object */;
			proxyType = 1;
			remoteGlobalIDString = F477E7CB1E70C0A500BB50D5;
			remoteInfo = coldCall;
		};
/* End PBXContainerItemProxy section */

/* Begin PBXFileReference section */
		F477E7CC1E70C0A600BB50D5 /* coldCall.app */ = {isa = PBXFileReference; explicitFileType = wrapper.application; includeInIndex = 0; path = coldCall.app; sourceTree = BUILT_PRODUCTS_DIR; };
		F477E7CF1E70C0A600BB50D5 /* AppDelegate.swift */ = {isa = PBXFileReference; lastKnownFileType = sourcecode.swift; path = AppDelegate.swift; sourceTree = "<group>"; };
		F477E7D11E70C0A600BB50D5 /* ViewController.swift */ = {isa = PBXFileReference; lastKnownFileType = sourcecode.swift; path = ViewController.swift; sourceTree = "<group>"; };
		F477E7D41E70C0A600BB50D5 /* Base */ = {isa = PBXFileReference; lastKnownFileType = file.storyboard; name = Base; path = Base.lproj/Main.storyboard; sourceTree = "<group>"; };
		F477E7D61E70C0A600BB50D5 /* Assets.xcassets */ = {isa = PBXFileReference; lastKnownFileType = folder.assetcatalog; path = Assets.xcassets; sourceTree = "<group>"; };
		F477E7D91E70C0A600BB50D5 /* Base */ = {isa = PBXFileReference; lastKnownFileType = file.storyboard; name = Base; path = Base.lproj/LaunchScreen.storyboard; sourceTree = "<group>"; };
		F477E7DB1E70C0A600BB50D5 /* Info.plist */ = {isa = PBXFileReference; lastKnownFileType = text.plist.xml; path = Info.plist; sourceTree = "<group>"; };
		F477E7E01E70C0A600BB50D5 /* coldCallTests.xctest */ = {isa = PBXFileReference; explicitFileType = wrapper.cfbundle; includeInIndex = 0; path = coldCallTests.xctest; sourceTree = BUILT_PRODUCTS_DIR; };
		F477E7E41E70C0A600BB50D5 /* coldCallTests.swift */ = {isa = PBXFileReference; lastKnownFileType = sourcecode.swift; path = coldCallTests.swift; sourceTree = "<group>"; };
		F477E7E61E70C0A700BB50D5 /* Info.plist */ = {isa = PBXFileReference; lastKnownFileType = text.plist.xml; path = Info.plist; sourceTree = "<group>"; };
		F477E7EB1E70C0A700BB50D5 /* coldCallUITests.xctest */ = {isa = PBXFileReference; explicitFileType = wrapper.cfbundle; includeInIndex = 0; path = coldCallUITests.xctest; sourceTree = BUILT_PRODUCTS_DIR; };
		F477E7EF1E70C0A700BB50D5 /* coldCallUITests.swift */ = {isa = PBXFileReference; lastKnownFileType = sourcecode.swift; path = coldCallUITests.swift; sourceTree = "<group>"; };
		F477E7F11E70C0A700BB50D5 /* Info.plist */ = {isa = PBXFileReference; lastKnownFileType = text.plist.xml; path = Info.plist; sourceTree = "<group>"; };
/* End PBXFileReference section */

/* Begin PBXFrameworksBuildPhase section */
		F477E7C91E70C0A500BB50D5 /* Frameworks */ = {
			isa = PBXFrameworksBuildPhase;
			buildActionMask = 2147483647;
			files = (
			);
			runOnlyForDeploymentPostprocessing = 0;
		};
		F477E7DD1E70C0A600BB50D5 /* Frameworks */ = {
			isa = PBXFrameworksBuildPhase;
			buildActionMask = 2147483647;
			files = (
			);
			runOnlyForDeploymentPostprocessing = 0;
		};
		F477E7E81E70C0A700BB50D5 /* Frameworks */ = {
			isa = PBXFrameworksBuildPhase;
			buildActionMask = 2147483647;
			files = (
			);
			runOnlyForDeploymentPostprocessing = 0;
		};
/* End PBXFrameworksBuildPhase section */

/* Begin PBXGroup section */
		F477E7C31E70C0A500BB50D5 = {
			isa = PBXGroup;
			children = (
				F477E7CE1E70C0A600BB50D5 /* coldCall */,
				F477E7E31E70C0A600BB50D5 /* coldCallTests */,
				F477E7EE1E70C0A700BB50D5 /* coldCallUITests */,
				F477E7CD1E70C0A600BB50D5 /* Products */,
			);
			sourceTree = "<group>";
		};
		F477E7CD1E70C0A600BB50D5 /* Products */ = {
			isa = PBXGroup;
			children = (
				F477E7CC1E70C0A600BB50D5 /* coldCall.app */,
				F477E7E01E70C0A600BB50D5 /* coldCallTests.xctest */,
				F477E7EB1E70C0A700BB50D5 /* coldCallUITests.xctest */,
			);
			name = Products;
			sourceTree = "<group>";
		};
		F477E7CE1E70C0A600BB50D5 /* coldCall */ = {
			isa = PBXGroup;
			children = (
				F477E7CF1E70C0A600BB50D5 /* AppDelegate.swift */,
				F477E7D11E70C0A600BB50D5 /* ViewController.swift */,
				F477E7D31E70C0A600BB50D5 /* Main.storyboard */,
				F477E7D61E70C0A600BB50D5 /* Assets.xcassets */,
				F477E7D81E70C0A600BB50D5 /* LaunchScreen.storyboard */,
				F477E7DB1E70C0A600BB50D5 /* Info.plist */,
			);
			path = coldCall;
			sourceTree = "<group>";
		};
		F477E7E31E70C0A600BB50D5 /* coldCallTests */ = {
			isa = PBXGroup;
			children = (
				F477E7E41E70C0A600BB50D5 /* coldCallTests.swift */,
				F477E7E61E70C0A700BB50D5 /* Info.plist */,
			);
			path = coldCallTests;
			sourceTree = "<group>";
		};
		F477E7EE1E70C0A700BB50D5 /* coldCallUITests */ = {
			isa = PBXGroup;
			children = (
				F477E7EF1E70C0A700BB50D5 /* coldCallUITests.swift */,
				F477E7F11E70C0A700BB50D5 /* Info.plist */,
			);
			path = coldCallUITests;
			sourceTree = "<group>";
		};
/* End PBXGroup section */

/* Begin PBXNativeTarget section */
		F477E7CB1E70C0A500BB50D5 /* coldCall */ = {
			isa = PBXNativeTarget;
			buildConfigurationList = F477E7F41E70C0A700BB50D5 /* Build configuration list for PBXNativeTarget "coldCall" */;
			buildPhases = (
				F477E7C81E70C0A500BB50D5 /* Sources */,
				F477E7C91E70C0A500BB50D5 /* Frameworks */,
				F477E7CA1E70C0A500BB50D5 /* Resources */,
			);
			buildRules = (
			);
			dependencies = (
			);
			name = coldCall;
			productName = coldCall;
			productReference = F477E7CC1E70C0A600BB50D5 /* coldCall.app */;
			productType = "com.apple.product-type.application";
		};
		F477E7DF1E70C0A600BB50D5 /* coldCallTests */ = {
			isa = PBXNativeTarget;
			buildConfigurationList = F477E7F71E70C0A700BB50D5 /* Build configuration list for PBXNativeTarget "coldCallTests" */;
			buildPhases = (
				F477E7DC1E70C0A600BB50D5 /* Sources */,
				F477E7DD1E70C0A600BB50D5 /* Frameworks */,
				F477E7DE1E70C0A600BB50D5 /* Resources */,
			);
			buildRules = (
			);
			dependencies = (
				F477E7E21E70C0A600BB50D5 /* PBXTargetDependency */,
			);
			name = coldCallTests;
			productName = coldCallTests;
			productReference = F477E7E01E70C0A600BB50D5 /* coldCallTests.xctest */;
			productType = "com.apple.product-type.bundle.unit-test";
		};
		F477E7EA1E70C0A700BB50D5 /* coldCallUITests */ = {
			isa = PBXNativeTarget;
			buildConfigurationList = F477E7FA1E70C0A700BB50D5 /* Build configuration list for PBXNativeTarget "coldCallUITests" */;
			buildPhases = (
				F477E7E71E70C0A700BB50D5 /* Sources */,
				F477E7E81E70C0A700BB50D5 /* Frameworks */,
				F477E7E91E70C0A700BB50D5 /* Resources */,
			);
			buildRules = (
			);
			dependencies = (
				F477E7ED1E70C0A700BB50D5 /* PBXTargetDependency */,
			);
			name = coldCallUITests;
			productName = coldCallUITests;
			productReference = F477E7EB1E70C0A700BB50D5 /* coldCallUITests.xctest */;
			productType = "com.apple.product-type.bundle.ui-testing";
		};
/* End PBXNativeTarget section */

/* Begin PBXProject section */
		F477E7C41E70C0A500BB50D5 /* Project object */ = {
			isa = PBXProject;
			attributes = {
				LastSwiftUpdateCheck = 0820;
				LastUpgradeCheck = 0820;
				ORGANIZATIONNAME = "Joseph Zoland";
				TargetAttributes = {
					F477E7CB1E70C0A500BB50D5 = {
						CreatedOnToolsVersion = 8.2.1;
						ProvisioningStyle = Automatic;
					};
					F477E7DF1E70C0A600BB50D5 = {
						CreatedOnToolsVersion = 8.2.1;
						ProvisioningStyle = Automatic;
						TestTargetID = F477E7CB1E70C0A500BB50D5;
					};
					F477E7EA1E70C0A700BB50D5 = {
						CreatedOnToolsVersion = 8.2.1;
						ProvisioningStyle = Automatic;
						TestTargetID = F477E7CB1E70C0A500BB50D5;
					};
				};
			};
			buildConfigurationList = F477E7C71E70C0A500BB50D5 /* Build configuration list for PBXProject "coldCall" */;
			compatibilityVersion = "Xcode 3.2";
			developmentRegion = English;
			hasScannedForEncodings = 0;
			knownRegions = (
				en,
				Base,
			);
			mainGroup = F477E7C31E70C0A500BB50D5;
			productRefGroup = F477E7CD1E70C0A600BB50D5 /* Products */;
			projectDirPath = "";
			projectRoot = "";
			targets = (
				F477E7CB1E70C0A500BB50D5 /* coldCall */,
				F477E7DF1E70C0A600BB50D5 /* coldCallTests */,
				F477E7EA1E70C0A700BB50D5 /* coldCallUITests */,
			);
		};
/* End PBXProject section */

/* Begin PBXResourcesBuildPhase section */
		F477E7CA1E70C0A500BB50D5 /* Resources */ = {
			isa = PBXResourcesBuildPhase;
			buildActionMask = 2147483647;
			files = (
				F477E7DA1E70C0A600BB50D5 /* LaunchScreen.storyboard in Resources */,
				F477E7D71E70C0A600BB50D5 /* Assets.xcassets in Resources */,
				F477E7D51E70C0A600BB50D5 /* Main.storyboard in Resources */,
			);
			runOnlyForDeploymentPostprocessing = 0;
		};
		F477E7DE1E70C0A600BB50D5 /* Resources */ = {
			isa = PBXResourcesBuildPhase;
			buildActionMask = 2147483647;
			files = (
			);
			runOnlyForDeploymentPostprocessing = 0;
		};
		F477E7E91E70C0A700BB50D5 /* Resources */ = {
			isa = PBXResourcesBuildPhase;
			buildActionMask = 2147483647;
			files = (
			);
			runOnlyForDeploymentPostprocessing = 0;
		};
/* End PBXResourcesBuildPhase section */

/* Begin PBXSourcesBuildPhase section */
		F477E7C81E70C0A500BB50D5 /* Sources */ = {
			isa = PBXSourcesBuildPhase;
			buildActionMask = 2147483647;
			files = (
				F477E7D21E70C0A600BB50D5 /* ViewController.swift in Sources */,
				F477E7D01E70C0A600BB50D5 /* AppDelegate.swift in Sources */,
			);
			runOnlyForDeploymentPostprocessing = 0;
		};
		F477E7DC1E70C0A600BB50D5 /* Sources */ = {
			isa = PBXSourcesBuildPhase;
			buildActionMask = 2147483647;
			files = (
				F477E7E51E70C0A600BB50D5 /* coldCallTests.swift in Sources */,
			);
			runOnlyForDeploymentPostprocessing = 0;
		};
		F477E7E71E70C0A700BB50D5 /* Sources */ = {
			isa = PBXSourcesBuildPhase;
			buildActionMask = 2147483647;
			files = (
				F477E7F01E70C0A700BB50D5 /* coldCallUITests.swift in Sources */,
			);
			runOnlyForDeploymentPostprocessing = 0;
		};
/* End PBXSourcesBuildPhase section */

/* Begin PBXTargetDependency section */
		F477E7E21E70C0A600BB50D5 /* PBXTargetDependency */ = {
			isa = PBXTargetDependency;
			target = F477E7CB1E70C0A500BB50D5 /* coldCall */;
			targetProxy = F477E7E11E70C0A600BB50D5 /* PBXContainerItemProxy */;
		};
		F477E7ED1E70C0A700BB50D5 /* PBXTargetDependency */ = {
			isa = PBXTargetDependency;
			target = F477E7CB1E70C0A500BB50D5 /* coldCall */;
			targetProxy = F477E7EC1E70C0A700BB50D5 /* PBXContainerItemProxy */;
		};
/* End PBXTargetDependency section */

/* Begin PBXVariantGroup section */
		F477E7D31E70C0A600BB50D5 /* Main.storyboard */ = {
			isa = PBXVariantGroup;
			children = (
				F477E7D41E70C0A600BB50D5 /* Base */,
			);
			name = Main.storyboard;
			sourceTree = "<group>";
		};
		F477E7D81E70C0A600BB50D5 /* LaunchScreen.storyboard */ = {
			isa = PBXVariantGroup;
			children = (
				F477E7D91E70C0A600BB50D5 /* Base */,
			);
			name = LaunchScreen.storyboard;
			sourceTree = "<group>";
		};
/* End PBXVariantGroup section */

/* Begin XCBuildConfiguration section */
		F477E7F21E70C0A700BB50D5 /* Debug */ = {
			isa = XCBuildConfiguration;
			buildSettings = {
				ALWAYS_SEARCH_USER_PATHS = NO;
				CLANG_ANALYZER_NONNULL = YES;
				CLANG_CXX_LANGUAGE_STANDARD = "gnu++0x";
				CLANG_CXX_LIBRARY = "libc++";
				CLANG_ENABLE_MODULES = YES;
				CLANG_ENABLE_OBJC_ARC = YES;
				CLANG_WARN_BOOL_CONVERSION = YES;
				CLANG_WARN_CONSTANT_CONVERSION = YES;
				CLANG_WARN_DIRECT_OBJC_ISA_USAGE = YES_ERROR;
				CLANG_WARN_DOCUMENTATION_COMMENTS = YES;
				CLANG_WARN_EMPTY_BODY = YES;
				CLANG_WARN_ENUM_CONVERSION = YES;
				CLANG_WARN_INFINITE_RECURSION = YES;
				CLANG_WARN_INT_CONVERSION = YES;
				CLANG_WARN_OBJC_ROOT_CLASS = YES_ERROR;
				CLANG_WARN_SUSPICIOUS_MOVE = YES;
				CLANG_WARN_UNREACHABLE_CODE = YES;
				CLANG_WARN__DUPLICATE_METHOD_MATCH = YES;
				"CODE_SIGN_IDENTITY[sdk=iphoneos*]" = "iPhone Developer";
				COPY_PHASE_STRIP = NO;
				DEBUG_INFORMATION_FORMAT = dwarf;
				ENABLE_STRICT_OBJC_MSGSEND = YES;
				ENABLE_TESTABILITY = YES;
				GCC_C_LANGUAGE_STANDARD = gnu99;
				GCC_DYNAMIC_NO_PIC = NO;
				GCC_NO_COMMON_BLOCKS = YES;
				GCC_OPTIMIZATION_LEVEL = 0;
				GCC_PREPROCESSOR_DEFINITIONS = (
					"DEBUG=1",
					"$(inherited)",
				);
				GCC_WARN_64_TO_32_BIT_CONVERSION = YES;
				GCC_WARN_ABOUT_RETURN_TYPE = YES_ERROR;
				GCC_WARN_UNDECLARED_SELECTOR = YES;
				GCC_WARN_UNINITIALIZED_AUTOS = YES_AGGRESSIVE;
				GCC_WARN_UNUSED_FUNCTION = YES;
				GCC_WARN_UNUSED_VARIABLE = YES;
				IPHONEOS_DEPLOYMENT_TARGET = 10.2;
				MTL_ENABLE_DEBUG_INFO = YES;
				ONLY_ACTIVE_ARCH = YES;
				SDKROOT = iphoneos;
				SWIFT_ACTIVE_COMPILATION_CONDITIONS = DEBUG;
				SWIFT_OPTIMIZATION_LEVEL = "-Onone";
				TARGETED_DEVICE_FAMILY = "1,2";
			};
			name = Debug;
		};
		F477E7F31E70C0A700BB50D5 /* Release */ = {
			isa = XCBuildConfiguration;
			buildSettings = {
				ALWAYS_SEARCH_USER_PATHS = NO;
				CLANG_ANALYZER_NONNULL = YES;
				CLANG_CXX_LANGUAGE_STANDARD = "gnu++0x";
				CLANG_CXX_LIBRARY = "libc++";
				CLANG_ENABLE_MODULES = YES;
				CLANG_ENABLE_OBJC_ARC = YES;
				CLANG_WARN_BOOL_CONVERSION = YES;
				CLANG_WARN_CONSTANT_CONVERSION = YES;
				CLANG_WARN_DIRECT_OBJC_ISA_USAGE = YES_ERROR;
				CLANG_WARN_DOCUMENTATION_COMMENTS = YES;
				CLANG_WARN_EMPTY_BODY = YES;
				CLANG_WARN_ENUM_CONVERSION = YES;
				CLANG_WARN_INFINITE_RECURSION = YES;
				CLANG_WARN_INT_CONVERSION = YES;
				CLANG_WARN_OBJC_ROOT_CLASS = YES_ERROR;
				CLANG_WARN_SUSPICIOUS_MOVE = YES;
				CLANG_WARN_UNREACHABLE_CODE = YES;
				CLANG_WARN__DUPLICATE_METHOD_MATCH = YES;
				"CODE_SIGN_IDENTITY[sdk=iphoneos*]" = "iPhone Developer";
				COPY_PHASE_STRIP = NO;
				DEBUG_INFORMATION_FORMAT = "dwarf-with-dsym";
				ENABLE_NS_ASSERTIONS = NO;
				ENABLE_STRICT_OBJC_MSGSEND = YES;
				GCC_C_LANGUAGE_STANDARD = gnu99;
				GCC_NO_COMMON_BLOCKS = YES;
				GCC_WARN_64_TO_32_BIT_CONVERSION = YES;
				GCC_WARN_ABOUT_RETURN_TYPE = YES_ERROR;
				GCC_WARN_UNDECLARED_SELECTOR = YES;
				GCC_WARN_UNINITIALIZED_AUTOS = YES_AGGRESSIVE;
				GCC_WARN_UNUSED_FUNCTION = YES;
				GCC_WARN_UNUSED_VARIABLE = YES;
				IPHONEOS_DEPLOYMENT_TARGET = 10.2;
				MTL_ENABLE_DEBUG_INFO = NO;
				SDKROOT = iphoneos;
				SWIFT_OPTIMIZATION_LEVEL = "-Owholemodule";
				TARGETED_DEVICE_FAMILY = "1,2";
				VALIDATE_PRODUCT = YES;
			};
			name = Release;
		};
		F477E7F51E70C0A700BB50D5 /* Debug */ = {
			isa = XCBuildConfiguration;
			buildSettings = {
				ASSETCATALOG_COMPILER_APPICON_NAME = AppIcon;
				INFOPLIST_FILE = coldCall/Info.plist;
				LD_RUNPATH_SEARCH_PATHS = "$(inherited) @executable_path/Frameworks";
				PRODUCT_BUNDLE_IDENTIFIER = com.codingdojo.coldCall;
				PRODUCT_NAME = "$(TARGET_NAME)";
				SWIFT_VERSION = 3.0;
			};
			name = Debug;
		};
		F477E7F61E70C0A700BB50D5 /* Release */ = {
			isa = XCBuildConfiguration;
			buildSettings = {
				ASSETCATALOG_COMPILER_APPICON_NAME = AppIcon;
				INFOPLIST_FILE = coldCall/Info.plist;
				LD_RUNPATH_SEARCH_PATHS = "$(inherited) @executable_path/Frameworks";
				PRODUCT_BUNDLE_IDENTIFIER = com.codingdojo.coldCall;
				PRODUCT_NAME = "$(TARGET_NAME)";
				SWIFT_VERSION = 3.0;
			};
			name = Release;
		};
		F477E7F81E70C0A700BB50D5 /* Debug */ = {
			isa = XCBuildConfiguration;
			buildSettings = {
				ALWAYS_EMBED_SWIFT_STANDARD_LIBRARIES = YES;
				BUNDLE_LOADER = "$(TEST_HOST)";
				INFOPLIST_FILE = coldCallTests/Info.plist;
				LD_RUNPATH_SEARCH_PATHS = "$(inherited) @executable_path/Frameworks @loader_path/Frameworks";
				PRODUCT_BUNDLE_IDENTIFIER = com.codingdojo.coldCallTests;
				PRODUCT_NAME = "$(TARGET_NAME)";
				SWIFT_VERSION = 3.0;
				TEST_HOST = "$(BUILT_PRODUCTS_DIR)/coldCall.app/coldCall";
			};
			name = Debug;
		};
		F477E7F91E70C0A700BB50D5 /* Release */ = {
			isa = XCBuildConfiguration;
			buildSettings = {
				ALWAYS_EMBED_SWIFT_STANDARD_LIBRARIES = YES;
				BUNDLE_LOADER = "$(TEST_HOST)";
				INFOPLIST_FILE = coldCallTests/Info.plist;
				LD_RUNPATH_SEARCH_PATHS = "$(inherited) @executable_path/Frameworks @loader_path/Frameworks";
				PRODUCT_BUNDLE_IDENTIFIER = com.codingdojo.coldCallTests;
				PRODUCT_NAME = "$(TARGET_NAME)";
				SWIFT_VERSION = 3.0;
				TEST_HOST = "$(BUILT_PRODUCTS_DIR)/coldCall.app/coldCall";
			};
			name = Release;
		};
		F477E7FB1E70C0A700BB50D5 /* Debug */ = {
			isa = XCBuildConfiguration;
			buildSettings = {
				ALWAYS_EMBED_SWIFT_STANDARD_LIBRARIES = YES;
				INFOPLIST_FILE = coldCallUITests/Info.plist;
				LD_RUNPATH_SEARCH_PATHS = "$(inherited) @executable_path/Frameworks @loader_path/Frameworks";
				PRODUCT_BUNDLE_IDENTIFIER = com.codingdojo.coldCallUITests;
				PRODUCT_NAME = "$(TARGET_NAME)";
				SWIFT_VERSION = 3.0;
				TEST_TARGET_NAME = coldCall;
			};
			name = Debug;
		};
		F477E7FC1E70C0A700BB50D5 /* Release */ = {
			isa = XCBuildConfiguration;
			buildSettings = {
				ALWAYS_EMBED_SWIFT_STANDARD_LIBRARIES = YES;
				INFOPLIST_FILE = coldCallUITests/Info.plist;
				LD_RUNPATH_SEARCH_PATHS = "$(inherited) @executable_path/Frameworks @loader_path/Frameworks";
				PRODUCT_BUNDLE_IDENTIFIER = com.codingdojo.coldCallUITests;
				PRODUCT_NAME = "$(TARGET_NAME)";
				SWIFT_VERSION = 3.0;
				TEST_TARGET_NAME = coldCall;
			};
			name = Release;
		};
/* End XCBuildConfiguration section */

/* Begin XCConfigurationList section */
		F477E7C71E70C0A500BB50D5 /* Build configuration list for PBXProject "coldCall" */ = {
			isa = XCConfigurationList;
			buildConfigurations = (
				F477E7F21E70C0A700BB50D5 /* Debug */,
				F477E7F31E70C0A700BB50D5 /* Release */,
			);
			defaultConfigurationIsVisible = 0;
			defaultConfigurationName = Release;
		};
		F477E7F41E70C0A700BB50D5 /* Build configuration list for PBXNativeTarget "coldCall" */ = {
			isa = XCConfigurationList;
			buildConfigurations = (
				F477E7F51E70C0A700BB50D5 /* Debug */,
				F477E7F61E70C0A700BB50D5 /* Release */,
			);
			defaultConfigurationIsVisible = 0;
		};
		F477E7F71E70C0A700BB50D5 /* Build configuration list for PBXNativeTarget "coldCallTests" */ = {
			isa = XCConfigurationList;
			buildConfigurations = (
				F477E7F81E70C0A700BB50D5 /* Debug */,
				F477E7F91E70C0A700BB50D5 /* Release */,
			);
			defaultConfigurationIsVisible = 0;
		};
		F477E7FA1E70C0A700BB50D5 /* Build configuration list for PBXNativeTarget "coldCallUITests" */ = {
			isa = XCConfigurationList;
			buildConfigurations = (
				F477E7FB1E70C0A700BB50D5 /* Debug */,
				F477E7FC1E70C0A700BB50D5 /* Release */,
			);
			defaultConfigurationIsVisible = 0;
		};
/* End XCConfigurationList section */
	};
	rootObject = F477E7C41E70C0A500BB50D5 /* Project object */;
}
