// !$*UTF8*$!
{
	archiveVersion = 1;
	classes = {
	};
	objectVersion = 46;
	objects = {

/* Begin PBXBuildFile section */
		F46C91CF1E732620001DC5CD /* AppDelegate.swift in Sources */ = {isa = PBXBuildFile; fileRef = F46C91CE1E732620001DC5CD /* AppDelegate.swift */; };
		F46C91D11E732620001DC5CD /* ViewController.swift in Sources */ = {isa = PBXBuildFile; fileRef = F46C91D01E732620001DC5CD /* ViewController.swift */; };
		F46C91D41E732620001DC5CD /* Main.storyboard in Resources */ = {isa = PBXBuildFile; fileRef = F46C91D21E732620001DC5CD /* Main.storyboard */; };
		F46C91D61E732620001DC5CD /* Assets.xcassets in Resources */ = {isa = PBXBuildFile; fileRef = F46C91D51E732620001DC5CD /* Assets.xcassets */; };
		F46C91D91E732620001DC5CD /* LaunchScreen.storyboard in Resources */ = {isa = PBXBuildFile; fileRef = F46C91D71E732620001DC5CD /* LaunchScreen.storyboard */; };
		F46C91E41E732620001DC5CD /* Tipster2Tests.swift in Sources */ = {isa = PBXBuildFile; fileRef = F46C91E31E732620001DC5CD /* Tipster2Tests.swift */; };
		F46C91EF1E732620001DC5CD /* Tipster2UITests.swift in Sources */ = {isa = PBXBuildFile; fileRef = F46C91EE1E732620001DC5CD /* Tipster2UITests.swift */; };
/* End PBXBuildFile section */

/* Begin PBXContainerItemProxy section */
		F46C91E01E732620001DC5CD /* PBXContainerItemProxy */ = {
			isa = PBXContainerItemProxy;
			containerPortal = F46C91C31E73261F001DC5CD /* Project object */;
			proxyType = 1;
			remoteGlobalIDString = F46C91CA1E732620001DC5CD;
			remoteInfo = Tipster2;
		};
		F46C91EB1E732620001DC5CD /* PBXContainerItemProxy */ = {
			isa = PBXContainerItemProxy;
			containerPortal = F46C91C31E73261F001DC5CD /* Project object */;
			proxyType = 1;
			remoteGlobalIDString = F46C91CA1E732620001DC5CD;
			remoteInfo = Tipster2;
		};
/* End PBXContainerItemProxy section */

/* Begin PBXFileReference section */
		F46C91CB1E732620001DC5CD /* Tipster2.app */ = {isa = PBXFileReference; explicitFileType = wrapper.application; includeInIndex = 0; path = Tipster2.app; sourceTree = BUILT_PRODUCTS_DIR; };
		F46C91CE1E732620001DC5CD /* AppDelegate.swift */ = {isa = PBXFileReference; lastKnownFileType = sourcecode.swift; path = AppDelegate.swift; sourceTree = "<group>"; };
		F46C91D01E732620001DC5CD /* ViewController.swift */ = {isa = PBXFileReference; lastKnownFileType = sourcecode.swift; path = ViewController.swift; sourceTree = "<group>"; };
		F46C91D31E732620001DC5CD /* Base */ = {isa = PBXFileReference; lastKnownFileType = file.storyboard; name = Base; path = Base.lproj/Main.storyboard; sourceTree = "<group>"; };
		F46C91D51E732620001DC5CD /* Assets.xcassets */ = {isa = PBXFileReference; lastKnownFileType = folder.assetcatalog; path = Assets.xcassets; sourceTree = "<group>"; };
		F46C91D81E732620001DC5CD /* Base */ = {isa = PBXFileReference; lastKnownFileType = file.storyboard; name = Base; path = Base.lproj/LaunchScreen.storyboard; sourceTree = "<group>"; };
		F46C91DA1E732620001DC5CD /* Info.plist */ = {isa = PBXFileReference; lastKnownFileType = text.plist.xml; path = Info.plist; sourceTree = "<group>"; };
		F46C91DF1E732620001DC5CD /* Tipster2Tests.xctest */ = {isa = PBXFileReference; explicitFileType = wrapper.cfbundle; includeInIndex = 0; path = Tipster2Tests.xctest; sourceTree = BUILT_PRODUCTS_DIR; };
		F46C91E31E732620001DC5CD /* Tipster2Tests.swift */ = {isa = PBXFileReference; lastKnownFileType = sourcecode.swift; path = Tipster2Tests.swift; sourceTree = "<group>"; };
		F46C91E51E732620001DC5CD /* Info.plist */ = {isa = PBXFileReference; lastKnownFileType = text.plist.xml; path = Info.plist; sourceTree = "<group>"; };
		F46C91EA1E732620001DC5CD /* Tipster2UITests.xctest */ = {isa = PBXFileReference; explicitFileType = wrapper.cfbundle; includeInIndex = 0; path = Tipster2UITests.xctest; sourceTree = BUILT_PRODUCTS_DIR; };
		F46C91EE1E732620001DC5CD /* Tipster2UITests.swift */ = {isa = PBXFileReference; lastKnownFileType = sourcecode.swift; path = Tipster2UITests.swift; sourceTree = "<group>"; };
		F46C91F01E732620001DC5CD /* Info.plist */ = {isa = PBXFileReference; lastKnownFileType = text.plist.xml; path = Info.plist; sourceTree = "<group>"; };
/* End PBXFileReference section */

/* Begin PBXFrameworksBuildPhase section */
		F46C91C81E732620001DC5CD /* Frameworks */ = {
			isa = PBXFrameworksBuildPhase;
			buildActionMask = 2147483647;
			files = (
			);
			runOnlyForDeploymentPostprocessing = 0;
		};
		F46C91DC1E732620001DC5CD /* Frameworks */ = {
			isa = PBXFrameworksBuildPhase;
			buildActionMask = 2147483647;
			files = (
			);
			runOnlyForDeploymentPostprocessing = 0;
		};
		F46C91E71E732620001DC5CD /* Frameworks */ = {
			isa = PBXFrameworksBuildPhase;
			buildActionMask = 2147483647;
			files = (
			);
			runOnlyForDeploymentPostprocessing = 0;
		};
/* End PBXFrameworksBuildPhase section */

/* Begin PBXGroup section */
		F46C91C21E73261F001DC5CD = {
			isa = PBXGroup;
			children = (
				F46C91CD1E732620001DC5CD /* Tipster2 */,
				F46C91E21E732620001DC5CD /* Tipster2Tests */,
				F46C91ED1E732620001DC5CD /* Tipster2UITests */,
				F46C91CC1E732620001DC5CD /* Products */,
			);
			sourceTree = "<group>";
		};
		F46C91CC1E732620001DC5CD /* Products */ = {
			isa = PBXGroup;
			children = (
				F46C91CB1E732620001DC5CD /* Tipster2.app */,
				F46C91DF1E732620001DC5CD /* Tipster2Tests.xctest */,
				F46C91EA1E732620001DC5CD /* Tipster2UITests.xctest */,
			);
			name = Products;
			sourceTree = "<group>";
		};
		F46C91CD1E732620001DC5CD /* Tipster2 */ = {
			isa = PBXGroup;
			children = (
				F46C91CE1E732620001DC5CD /* AppDelegate.swift */,
				F46C91D01E732620001DC5CD /* ViewController.swift */,
				F46C91D21E732620001DC5CD /* Main.storyboard */,
				F46C91D51E732620001DC5CD /* Assets.xcassets */,
				F46C91D71E732620001DC5CD /* LaunchScreen.storyboard */,
				F46C91DA1E732620001DC5CD /* Info.plist */,
			);
			path = Tipster2;
			sourceTree = "<group>";
		};
		F46C91E21E732620001DC5CD /* Tipster2Tests */ = {
			isa = PBXGroup;
			children = (
				F46C91E31E732620001DC5CD /* Tipster2Tests.swift */,
				F46C91E51E732620001DC5CD /* Info.plist */,
			);
			path = Tipster2Tests;
			sourceTree = "<group>";
		};
		F46C91ED1E732620001DC5CD /* Tipster2UITests */ = {
			isa = PBXGroup;
			children = (
				F46C91EE1E732620001DC5CD /* Tipster2UITests.swift */,
				F46C91F01E732620001DC5CD /* Info.plist */,
			);
			path = Tipster2UITests;
			sourceTree = "<group>";
		};
/* End PBXGroup section */

/* Begin PBXNativeTarget section */
		F46C91CA1E732620001DC5CD /* Tipster2 */ = {
			isa = PBXNativeTarget;
			buildConfigurationList = F46C91F31E732620001DC5CD /* Build configuration list for PBXNativeTarget "Tipster2" */;
			buildPhases = (
				F46C91C71E732620001DC5CD /* Sources */,
				F46C91C81E732620001DC5CD /* Frameworks */,
				F46C91C91E732620001DC5CD /* Resources */,
			);
			buildRules = (
			);
			dependencies = (
			);
			name = Tipster2;
			productName = Tipster2;
			productReference = F46C91CB1E732620001DC5CD /* Tipster2.app */;
			productType = "com.apple.product-type.application";
		};
		F46C91DE1E732620001DC5CD /* Tipster2Tests */ = {
			isa = PBXNativeTarget;
			buildConfigurationList = F46C91F61E732620001DC5CD /* Build configuration list for PBXNativeTarget "Tipster2Tests" */;
			buildPhases = (
				F46C91DB1E732620001DC5CD /* Sources */,
				F46C91DC1E732620001DC5CD /* Frameworks */,
				F46C91DD1E732620001DC5CD /* Resources */,
			);
			buildRules = (
			);
			dependencies = (
				F46C91E11E732620001DC5CD /* PBXTargetDependency */,
			);
			name = Tipster2Tests;
			productName = Tipster2Tests;
			productReference = F46C91DF1E732620001DC5CD /* Tipster2Tests.xctest */;
			productType = "com.apple.product-type.bundle.unit-test";
		};
		F46C91E91E732620001DC5CD /* Tipster2UITests */ = {
			isa = PBXNativeTarget;
			buildConfigurationList = F46C91F91E732620001DC5CD /* Build configuration list for PBXNativeTarget "Tipster2UITests" */;
			buildPhases = (
				F46C91E61E732620001DC5CD /* Sources */,
				F46C91E71E732620001DC5CD /* Frameworks */,
				F46C91E81E732620001DC5CD /* Resources */,
			);
			buildRules = (
			);
			dependencies = (
				F46C91EC1E732620001DC5CD /* PBXTargetDependency */,
			);
			name = Tipster2UITests;
			productName = Tipster2UITests;
			productReference = F46C91EA1E732620001DC5CD /* Tipster2UITests.xctest */;
			productType = "com.apple.product-type.bundle.ui-testing";
		};
/* End PBXNativeTarget section */

/* Begin PBXProject section */
		F46C91C31E73261F001DC5CD /* Project object */ = {
			isa = PBXProject;
			attributes = {
				LastSwiftUpdateCheck = 0820;
				LastUpgradeCheck = 0820;
				ORGANIZATIONNAME = "Joseph Zoland";
				TargetAttributes = {
					F46C91CA1E732620001DC5CD = {
						CreatedOnToolsVersion = 8.2.1;
						ProvisioningStyle = Automatic;
					};
					F46C91DE1E732620001DC5CD = {
						CreatedOnToolsVersion = 8.2.1;
						ProvisioningStyle = Automatic;
						TestTargetID = F46C91CA1E732620001DC5CD;
					};
					F46C91E91E732620001DC5CD = {
						CreatedOnToolsVersion = 8.2.1;
						ProvisioningStyle = Automatic;
						TestTargetID = F46C91CA1E732620001DC5CD;
					};
				};
			};
			buildConfigurationList = F46C91C61E73261F001DC5CD /* Build configuration list for PBXProject "Tipster2" */;
			compatibilityVersion = "Xcode 3.2";
			developmentRegion = English;
			hasScannedForEncodings = 0;
			knownRegions = (
				en,
				Base,
			);
			mainGroup = F46C91C21E73261F001DC5CD;
			productRefGroup = F46C91CC1E732620001DC5CD /* Products */;
			projectDirPath = "";
			projectRoot = "";
			targets = (
				F46C91CA1E732620001DC5CD /* Tipster2 */,
				F46C91DE1E732620001DC5CD /* Tipster2Tests */,
				F46C91E91E732620001DC5CD /* Tipster2UITests */,
			);
		};
/* End PBXProject section */

/* Begin PBXResourcesBuildPhase section */
		F46C91C91E732620001DC5CD /* Resources */ = {
			isa = PBXResourcesBuildPhase;
			buildActionMask = 2147483647;
			files = (
				F46C91D91E732620001DC5CD /* LaunchScreen.storyboard in Resources */,
				F46C91D61E732620001DC5CD /* Assets.xcassets in Resources */,
				F46C91D41E732620001DC5CD /* Main.storyboard in Resources */,
			);
			runOnlyForDeploymentPostprocessing = 0;
		};
		F46C91DD1E732620001DC5CD /* Resources */ = {
			isa = PBXResourcesBuildPhase;
			buildActionMask = 2147483647;
			files = (
			);
			runOnlyForDeploymentPostprocessing = 0;
		};
		F46C91E81E732620001DC5CD /* Resources */ = {
			isa = PBXResourcesBuildPhase;
			buildActionMask = 2147483647;
			files = (
			);
			runOnlyForDeploymentPostprocessing = 0;
		};
/* End PBXResourcesBuildPhase section */

/* Begin PBXSourcesBuildPhase section */
		F46C91C71E732620001DC5CD /* Sources */ = {
			isa = PBXSourcesBuildPhase;
			buildActionMask = 2147483647;
			files = (
				F46C91D11E732620001DC5CD /* ViewController.swift in Sources */,
				F46C91CF1E732620001DC5CD /* AppDelegate.swift in Sources */,
			);
			runOnlyForDeploymentPostprocessing = 0;
		};
		F46C91DB1E732620001DC5CD /* Sources */ = {
			isa = PBXSourcesBuildPhase;
			buildActionMask = 2147483647;
			files = (
				F46C91E41E732620001DC5CD /* Tipster2Tests.swift in Sources */,
			);
			runOnlyForDeploymentPostprocessing = 0;
		};
		F46C91E61E732620001DC5CD /* Sources */ = {
			isa = PBXSourcesBuildPhase;
			buildActionMask = 2147483647;
			files = (
				F46C91EF1E732620001DC5CD /* Tipster2UITests.swift in Sources */,
			);
			runOnlyForDeploymentPostprocessing = 0;
		};
/* End PBXSourcesBuildPhase section */

/* Begin PBXTargetDependency section */
		F46C91E11E732620001DC5CD /* PBXTargetDependency */ = {
			isa = PBXTargetDependency;
			target = F46C91CA1E732620001DC5CD /* Tipster2 */;
			targetProxy = F46C91E01E732620001DC5CD /* PBXContainerItemProxy */;
		};
		F46C91EC1E732620001DC5CD /* PBXTargetDependency */ = {
			isa = PBXTargetDependency;
			target = F46C91CA1E732620001DC5CD /* Tipster2 */;
			targetProxy = F46C91EB1E732620001DC5CD /* PBXContainerItemProxy */;
		};
/* End PBXTargetDependency section */

/* Begin PBXVariantGroup section */
		F46C91D21E732620001DC5CD /* Main.storyboard */ = {
			isa = PBXVariantGroup;
			children = (
				F46C91D31E732620001DC5CD /* Base */,
			);
			name = Main.storyboard;
			sourceTree = "<group>";
		};
		F46C91D71E732620001DC5CD /* LaunchScreen.storyboard */ = {
			isa = PBXVariantGroup;
			children = (
				F46C91D81E732620001DC5CD /* Base */,
			);
			name = LaunchScreen.storyboard;
			sourceTree = "<group>";
		};
/* End PBXVariantGroup section */

/* Begin XCBuildConfiguration section */
		F46C91F11E732620001DC5CD /* Debug */ = {
			isa = XCBuildConfiguration;
			buildSettings = {
				ALWAYS_SEARCH_USER_PATHS = NO;
				CLANG_ANALYZER_NONNULL = YES;
				CLANG_CXX_LANGUAGE_STANDARD = "gnu++0x";
				CLANG_CXX_LIBRARY = "libc++";
				CLANG_ENABLE_MODULES = YES;
				CLANG_ENABLE_OBJC_ARC = YES;
				CLANG_WARN_BOOL_CONVERSION = YES;
				CLANG_WARN_CONSTANT_CONVERSION = YES;
				CLANG_WARN_DIRECT_OBJC_ISA_USAGE = YES_ERROR;
				CLANG_WARN_DOCUMENTATION_COMMENTS = YES;
				CLANG_WARN_EMPTY_BODY = YES;
				CLANG_WARN_ENUM_CONVERSION = YES;
				CLANG_WARN_INFINITE_RECURSION = YES;
				CLANG_WARN_INT_CONVERSION = YES;
				CLANG_WARN_OBJC_ROOT_CLASS = YES_ERROR;
				CLANG_WARN_SUSPICIOUS_MOVE = YES;
				CLANG_WARN_UNREACHABLE_CODE = YES;
				CLANG_WARN__DUPLICATE_METHOD_MATCH = YES;
				"CODE_SIGN_IDENTITY[sdk=iphoneos*]" = "iPhone Developer";
				COPY_PHASE_STRIP = NO;
				DEBUG_INFORMATION_FORMAT = dwarf;
				ENABLE_STRICT_OBJC_MSGSEND = YES;
				ENABLE_TESTABILITY = YES;
				GCC_C_LANGUAGE_STANDARD = gnu99;
				GCC_DYNAMIC_NO_PIC = NO;
				GCC_NO_COMMON_BLOCKS = YES;
				GCC_OPTIMIZATION_LEVEL = 0;
				GCC_PREPROCESSOR_DEFINITIONS = (
					"DEBUG=1",
					"$(inherited)",
				);
				GCC_WARN_64_TO_32_BIT_CONVERSION = YES;
				GCC_WARN_ABOUT_RETURN_TYPE = YES_ERROR;
				GCC_WARN_UNDECLARED_SELECTOR = YES;
				GCC_WARN_UNINITIALIZED_AUTOS = YES_AGGRESSIVE;
				GCC_WARN_UNUSED_FUNCTION = YES;
				GCC_WARN_UNUSED_VARIABLE = YES;
				IPHONEOS_DEPLOYMENT_TARGET = 10.2;
				MTL_ENABLE_DEBUG_INFO = YES;
				ONLY_ACTIVE_ARCH = YES;
				SDKROOT = iphoneos;
				SWIFT_ACTIVE_COMPILATION_CONDITIONS = DEBUG;
				SWIFT_OPTIMIZATION_LEVEL = "-Onone";
				TARGETED_DEVICE_FAMILY = "1,2";
			};
			name = Debug;
		};
		F46C91F21E732620001DC5CD /* Release */ = {
			isa = XCBuildConfiguration;
			buildSettings = {
				ALWAYS_SEARCH_USER_PATHS = NO;
				CLANG_ANALYZER_NONNULL = YES;
				CLANG_CXX_LANGUAGE_STANDARD = "gnu++0x";
				CLANG_CXX_LIBRARY = "libc++";
				CLANG_ENABLE_MODULES = YES;
				CLANG_ENABLE_OBJC_ARC = YES;
				CLANG_WARN_BOOL_CONVERSION = YES;
				CLANG_WARN_CONSTANT_CONVERSION = YES;
				CLANG_WARN_DIRECT_OBJC_ISA_USAGE = YES_ERROR;
				CLANG_WARN_DOCUMENTATION_COMMENTS = YES;
				CLANG_WARN_EMPTY_BODY = YES;
				CLANG_WARN_ENUM_CONVERSION = YES;
				CLANG_WARN_INFINITE_RECURSION = YES;
				CLANG_WARN_INT_CONVERSION = YES;
				CLANG_WARN_OBJC_ROOT_CLASS = YES_ERROR;
				CLANG_WARN_SUSPICIOUS_MOVE = YES;
				CLANG_WARN_UNREACHABLE_CODE = YES;
				CLANG_WARN__DUPLICATE_METHOD_MATCH = YES;
				"CODE_SIGN_IDENTITY[sdk=iphoneos*]" = "iPhone Developer";
				COPY_PHASE_STRIP = NO;
				DEBUG_INFORMATION_FORMAT = "dwarf-with-dsym";
				ENABLE_NS_ASSERTIONS = NO;
				ENABLE_STRICT_OBJC_MSGSEND = YES;
				GCC_C_LANGUAGE_STANDARD = gnu99;
				GCC_NO_COMMON_BLOCKS = YES;
				GCC_WARN_64_TO_32_BIT_CONVERSION = YES;
				GCC_WARN_ABOUT_RETURN_TYPE = YES_ERROR;
				GCC_WARN_UNDECLARED_SELECTOR = YES;
				GCC_WARN_UNINITIALIZED_AUTOS = YES_AGGRESSIVE;
				GCC_WARN_UNUSED_FUNCTION = YES;
				GCC_WARN_UNUSED_VARIABLE = YES;
				IPHONEOS_DEPLOYMENT_TARGET = 10.2;
				MTL_ENABLE_DEBUG_INFO = NO;
				SDKROOT = iphoneos;
				SWIFT_OPTIMIZATION_LEVEL = "-Owholemodule";
				TARGETED_DEVICE_FAMILY = "1,2";
				VALIDATE_PRODUCT = YES;
			};
			name = Release;
		};
		F46C91F41E732620001DC5CD /* Debug */ = {
			isa = XCBuildConfiguration;
			buildSettings = {
				ASSETCATALOG_COMPILER_APPICON_NAME = AppIcon;
				INFOPLIST_FILE = Tipster2/Info.plist;
				LD_RUNPATH_SEARCH_PATHS = "$(inherited) @executable_path/Frameworks";
				PRODUCT_BUNDLE_IDENTIFIER = com.codingdojo.Tipster2;
				PRODUCT_NAME = "$(TARGET_NAME)";
				SWIFT_VERSION = 3.0;
			};
			name = Debug;
		};
		F46C91F51E732620001DC5CD /* Release */ = {
			isa = XCBuildConfiguration;
			buildSettings = {
				ASSETCATALOG_COMPILER_APPICON_NAME = AppIcon;
				INFOPLIST_FILE = Tipster2/Info.plist;
				LD_RUNPATH_SEARCH_PATHS = "$(inherited) @executable_path/Frameworks";
				PRODUCT_BUNDLE_IDENTIFIER = com.codingdojo.Tipster2;
				PRODUCT_NAME = "$(TARGET_NAME)";
				SWIFT_VERSION = 3.0;
			};
			name = Release;
		};
		F46C91F71E732620001DC5CD /* Debug */ = {
			isa = XCBuildConfiguration;
			buildSettings = {
				ALWAYS_EMBED_SWIFT_STANDARD_LIBRARIES = YES;
				BUNDLE_LOADER = "$(TEST_HOST)";
				INFOPLIST_FILE = Tipster2Tests/Info.plist;
				LD_RUNPATH_SEARCH_PATHS = "$(inherited) @executable_path/Frameworks @loader_path/Frameworks";
				PRODUCT_BUNDLE_IDENTIFIER = com.codingdojo.Tipster2Tests;
				PRODUCT_NAME = "$(TARGET_NAME)";
				SWIFT_VERSION = 3.0;
				TEST_HOST = "$(BUILT_PRODUCTS_DIR)/Tipster2.app/Tipster2";
			};
			name = Debug;
		};
		F46C91F81E732620001DC5CD /* Release */ = {
			isa = XCBuildConfiguration;
			buildSettings = {
				ALWAYS_EMBED_SWIFT_STANDARD_LIBRARIES = YES;
				BUNDLE_LOADER = "$(TEST_HOST)";
				INFOPLIST_FILE = Tipster2Tests/Info.plist;
				LD_RUNPATH_SEARCH_PATHS = "$(inherited) @executable_path/Frameworks @loader_path/Frameworks";
				PRODUCT_BUNDLE_IDENTIFIER = com.codingdojo.Tipster2Tests;
				PRODUCT_NAME = "$(TARGET_NAME)";
				SWIFT_VERSION = 3.0;
				TEST_HOST = "$(BUILT_PRODUCTS_DIR)/Tipster2.app/Tipster2";
			};
			name = Release;
		};
		F46C91FA1E732620001DC5CD /* Debug */ = {
			isa = XCBuildConfiguration;
			buildSettings = {
				ALWAYS_EMBED_SWIFT_STANDARD_LIBRARIES = YES;
				INFOPLIST_FILE = Tipster2UITests/Info.plist;
				LD_RUNPATH_SEARCH_PATHS = "$(inherited) @executable_path/Frameworks @loader_path/Frameworks";
				PRODUCT_BUNDLE_IDENTIFIER = com.codingdojo.Tipster2UITests;
				PRODUCT_NAME = "$(TARGET_NAME)";
				SWIFT_VERSION = 3.0;
				TEST_TARGET_NAME = Tipster2;
			};
			name = Debug;
		};
		F46C91FB1E732620001DC5CD /* Release */ = {
			isa = XCBuildConfiguration;
			buildSettings = {
				ALWAYS_EMBED_SWIFT_STANDARD_LIBRARIES = YES;
				INFOPLIST_FILE = Tipster2UITests/Info.plist;
				LD_RUNPATH_SEARCH_PATHS = "$(inherited) @executable_path/Frameworks @loader_path/Frameworks";
				PRODUCT_BUNDLE_IDENTIFIER = com.codingdojo.Tipster2UITests;
				PRODUCT_NAME = "$(TARGET_NAME)";
				SWIFT_VERSION = 3.0;
				TEST_TARGET_NAME = Tipster2;
			};
			name = Release;
		};
/* End XCBuildConfiguration section */

/* Begin XCConfigurationList section */
		F46C91C61E73261F001DC5CD /* Build configuration list for PBXProject "Tipster2" */ = {
			isa = XCConfigurationList;
			buildConfigurations = (
				F46C91F11E732620001DC5CD /* Debug */,
				F46C91F21E732620001DC5CD /* Release */,
			);
			defaultConfigurationIsVisible = 0;
			defaultConfigurationName = Release;
		};
		F46C91F31E732620001DC5CD /* Build configuration list for PBXNativeTarget "Tipster2" */ = {
			isa = XCConfigurationList;
			buildConfigurations = (
				F46C91F41E732620001DC5CD /* Debug */,
				F46C91F51E732620001DC5CD /* Release */,
			);
			defaultConfigurationIsVisible = 0;
		};
		F46C91F61E732620001DC5CD /* Build configuration list for PBXNativeTarget "Tipster2Tests" */ = {
			isa = XCConfigurationList;
			buildConfigurations = (
				F46C91F71E732620001DC5CD /* Debug */,
				F46C91F81E732620001DC5CD /* Release */,
			);
			defaultConfigurationIsVisible = 0;
		};
		F46C91F91E732620001DC5CD /* Build configuration list for PBXNativeTarget "Tipster2UITests" */ = {
			isa = XCConfigurationList;
			buildConfigurations = (
				F46C91FA1E732620001DC5CD /* Debug */,
				F46C91FB1E732620001DC5CD /* Release */,
			);
			defaultConfigurationIsVisible = 0;
		};
/* End XCConfigurationList section */
	};
	rootObject = F46C91C31E73261F001DC5CD /* Project object */;
}
