// !$*UTF8*$!
{
	archiveVersion = 1;
	classes = {
	};
	objectVersion = 46;
	objects = {

/* Begin PBXBuildFile section */
		F47BDEEE1F62602D00981E22 /* AppDelegate.swift in Sources */ = {isa = PBXBuildFile; fileRef = F47BDEED1F62602D00981E22 /* AppDelegate.swift */; };
		F47BDEF01F62602D00981E22 /* ViewController.swift in Sources */ = {isa = PBXBuildFile; fileRef = F47BDEEF1F62602D00981E22 /* ViewController.swift */; };
		F47BDEF31F62602D00981E22 /* Main.storyboard in Resources */ = {isa = PBXBuildFile; fileRef = F47BDEF11F62602D00981E22 /* Main.storyboard */; };
		F47BDEF61F62602D00981E22 /* DestinationYou.xcdatamodeld in Sources */ = {isa = PBXBuildFile; fileRef = F47BDEF41F62602D00981E22 /* DestinationYou.xcdatamodeld */; };
		F47BDEF81F62602D00981E22 /* Assets.xcassets in Resources */ = {isa = PBXBuildFile; fileRef = F47BDEF71F62602D00981E22 /* Assets.xcassets */; };
		F47BDEFB1F62602D00981E22 /* LaunchScreen.storyboard in Resources */ = {isa = PBXBuildFile; fileRef = F47BDEF91F62602D00981E22 /* LaunchScreen.storyboard */; };
/* End PBXBuildFile section */

/* Begin PBXFileReference section */
		F47BDEEA1F62602D00981E22 /* DestinationYou.app */ = {isa = PBXFileReference; explicitFileType = wrapper.application; includeInIndex = 0; path = DestinationYou.app; sourceTree = BUILT_PRODUCTS_DIR; };
		F47BDEED1F62602D00981E22 /* AppDelegate.swift */ = {isa = PBXFileReference; lastKnownFileType = sourcecode.swift; path = AppDelegate.swift; sourceTree = "<group>"; };
		F47BDEEF1F62602D00981E22 /* ViewController.swift */ = {isa = PBXFileReference; lastKnownFileType = sourcecode.swift; path = ViewController.swift; sourceTree = "<group>"; };
		F47BDEF21F62602D00981E22 /* Base */ = {isa = PBXFileReference; lastKnownFileType = file.storyboard; name = Base; path = Base.lproj/Main.storyboard; sourceTree = "<group>"; };
		F47BDEF51F62602D00981E22 /* DestinationYou.xcdatamodel */ = {isa = PBXFileReference; lastKnownFileType = wrapper.xcdatamodel; path = DestinationYou.xcdatamodel; sourceTree = "<group>"; };
		F47BDEF71F62602D00981E22 /* Assets.xcassets */ = {isa = PBXFileReference; lastKnownFileType = folder.assetcatalog; path = Assets.xcassets; sourceTree = "<group>"; };
		F47BDEFA1F62602D00981E22 /* Base */ = {isa = PBXFileReference; lastKnownFileType = file.storyboard; name = Base; path = Base.lproj/LaunchScreen.storyboard; sourceTree = "<group>"; };
		F47BDEFC1F62602D00981E22 /* Info.plist */ = {isa = PBXFileReference; lastKnownFileType = text.plist.xml; path = Info.plist; sourceTree = "<group>"; };
/* End PBXFileReference section */

/* Begin PBXFrameworksBuildPhase section */
		F47BDEE71F62602D00981E22 /* Frameworks */ = {
			isa = PBXFrameworksBuildPhase;
			buildActionMask = 2147483647;
			files = (
			);
			runOnlyForDeploymentPostprocessing = 0;
		};
/* End PBXFrameworksBuildPhase section */

/* Begin PBXGroup section */
		F47BDEE11F62602D00981E22 = {
			isa = PBXGroup;
			children = (
				F47BDEEC1F62602D00981E22 /* DestinationYou */,
				F47BDEEB1F62602D00981E22 /* Products */,
			);
			sourceTree = "<group>";
		};
		F47BDEEB1F62602D00981E22 /* Products */ = {
			isa = PBXGroup;
			children = (
				F47BDEEA1F62602D00981E22 /* DestinationYou.app */,
			);
			name = Products;
			sourceTree = "<group>";
		};
		F47BDEEC1F62602D00981E22 /* DestinationYou */ = {
			isa = PBXGroup;
			children = (
				F47BDEED1F62602D00981E22 /* AppDelegate.swift */,
				F47BDEEF1F62602D00981E22 /* ViewController.swift */,
				F47BDEF11F62602D00981E22 /* Main.storyboard */,
				F47BDEF71F62602D00981E22 /* Assets.xcassets */,
				F47BDEF91F62602D00981E22 /* LaunchScreen.storyboard */,
				F47BDEFC1F62602D00981E22 /* Info.plist */,
				F47BDEF41F62602D00981E22 /* DestinationYou.xcdatamodeld */,
			);
			path = DestinationYou;
			sourceTree = "<group>";
		};
/* End PBXGroup section */

/* Begin PBXNativeTarget section */
		F47BDEE91F62602D00981E22 /* DestinationYou */ = {
			isa = PBXNativeTarget;
			buildConfigurationList = F47BDEFF1F62602D00981E22 /* Build configuration list for PBXNativeTarget "DestinationYou" */;
			buildPhases = (
				F47BDEE61F62602D00981E22 /* Sources */,
				F47BDEE71F62602D00981E22 /* Frameworks */,
				F47BDEE81F62602D00981E22 /* Resources */,
			);
			buildRules = (
			);
			dependencies = (
			);
			name = DestinationYou;
			productName = DestinationYou;
			productReference = F47BDEEA1F62602D00981E22 /* DestinationYou.app */;
			productType = "com.apple.product-type.application";
		};
/* End PBXNativeTarget section */

/* Begin PBXProject section */
		F47BDEE21F62602D00981E22 /* Project object */ = {
			isa = PBXProject;
			attributes = {
				LastSwiftUpdateCheck = 0830;
				LastUpgradeCheck = 0830;
				ORGANIZATIONNAME = "Joseph Zoland";
				TargetAttributes = {
					F47BDEE91F62602D00981E22 = {
						CreatedOnToolsVersion = 8.3.3;
						ProvisioningStyle = Automatic;
					};
				};
			};
			buildConfigurationList = F47BDEE51F62602D00981E22 /* Build configuration list for PBXProject "DestinationYou" */;
			compatibilityVersion = "Xcode 3.2";
			developmentRegion = English;
			hasScannedForEncodings = 0;
			knownRegions = (
				en,
				Base,
			);
			mainGroup = F47BDEE11F62602D00981E22;
			productRefGroup = F47BDEEB1F62602D00981E22 /* Products */;
			projectDirPath = "";
			projectRoot = "";
			targets = (
				F47BDEE91F62602D00981E22 /* DestinationYou */,
			);
		};
/* End PBXProject section */

/* Begin PBXResourcesBuildPhase section */
		F47BDEE81F62602D00981E22 /* Resources */ = {
			isa = PBXResourcesBuildPhase;
			buildActionMask = 2147483647;
			files = (
				F47BDEFB1F62602D00981E22 /* LaunchScreen.storyboard in Resources */,
				F47BDEF81F62602D00981E22 /* Assets.xcassets in Resources */,
				F47BDEF31F62602D00981E22 /* Main.storyboard in Resources */,
			);
			runOnlyForDeploymentPostprocessing = 0;
		};
/* End PBXResourcesBuildPhase section */

/* Begin PBXSourcesBuildPhase section */
		F47BDEE61F62602D00981E22 /* Sources */ = {
			isa = PBXSourcesBuildPhase;
			buildActionMask = 2147483647;
			files = (
				F47BDEF01F62602D00981E22 /* ViewController.swift in Sources */,
				F47BDEF61F62602D00981E22 /* DestinationYou.xcdatamodeld in Sources */,
				F47BDEEE1F62602D00981E22 /* AppDelegate.swift in Sources */,
			);
			runOnlyForDeploymentPostprocessing = 0;
		};
/* End PBXSourcesBuildPhase section */

/* Begin PBXVariantGroup section */
		F47BDEF11F62602D00981E22 /* Main.storyboard */ = {
			isa = PBXVariantGroup;
			children = (
				F47BDEF21F62602D00981E22 /* Base */,
			);
			name = Main.storyboard;
			sourceTree = "<group>";
		};
		F47BDEF91F62602D00981E22 /* LaunchScreen.storyboard */ = {
			isa = PBXVariantGroup;
			children = (
				F47BDEFA1F62602D00981E22 /* Base */,
			);
			name = LaunchScreen.storyboard;
			sourceTree = "<group>";
		};
/* End PBXVariantGroup section */

/* Begin XCBuildConfiguration section */
		F47BDEFD1F62602D00981E22 /* Debug */ = {
			isa = XCBuildConfiguration;
			buildSettings = {
				ALWAYS_SEARCH_USER_PATHS = NO;
				CLANG_ANALYZER_NONNULL = YES;
				CLANG_ANALYZER_NUMBER_OBJECT_CONVERSION = YES_AGGRESSIVE;
				CLANG_CXX_LANGUAGE_STANDARD = "gnu++0x";
				CLANG_CXX_LIBRARY = "libc++";
				CLANG_ENABLE_MODULES = YES;
				CLANG_ENABLE_OBJC_ARC = YES;
				CLANG_WARN_BOOL_CONVERSION = YES;
				CLANG_WARN_CONSTANT_CONVERSION = YES;
				CLANG_WARN_DIRECT_OBJC_ISA_USAGE = YES_ERROR;
				CLANG_WARN_DOCUMENTATION_COMMENTS = YES;
				CLANG_WARN_EMPTY_BODY = YES;
				CLANG_WARN_ENUM_CONVERSION = YES;
				CLANG_WARN_INFINITE_RECURSION = YES;
				CLANG_WARN_INT_CONVERSION = YES;
				CLANG_WARN_OBJC_ROOT_CLASS = YES_ERROR;
				CLANG_WARN_SUSPICIOUS_MOVE = YES;
				CLANG_WARN_UNREACHABLE_CODE = YES;
				CLANG_WARN__DUPLICATE_METHOD_MATCH = YES;
				"CODE_SIGN_IDENTITY[sdk=iphoneos*]" = "iPhone Developer";
				COPY_PHASE_STRIP = NO;
				DEBUG_INFORMATION_FORMAT = dwarf;
				ENABLE_STRICT_OBJC_MSGSEND = YES;
				ENABLE_TESTABILITY = YES;
				GCC_C_LANGUAGE_STANDARD = gnu99;
				GCC_DYNAMIC_NO_PIC = NO;
				GCC_NO_COMMON_BLOCKS = YES;
				GCC_OPTIMIZATION_LEVEL = 0;
				GCC_PREPROCESSOR_DEFINITIONS = (
					"DEBUG=1",
					"$(inherited)",
				);
				GCC_WARN_64_TO_32_BIT_CONVERSION = YES;
				GCC_WARN_ABOUT_RETURN_TYPE = YES_ERROR;
				GCC_WARN_UNDECLARED_SELECTOR = YES;
				GCC_WARN_UNINITIALIZED_AUTOS = YES_AGGRESSIVE;
				GCC_WARN_UNUSED_FUNCTION = YES;
				GCC_WARN_UNUSED_VARIABLE = YES;
				IPHONEOS_DEPLOYMENT_TARGET = 10.3;
				MTL_ENABLE_DEBUG_INFO = YES;
				ONLY_ACTIVE_ARCH = YES;
				SDKROOT = iphoneos;
				SWIFT_ACTIVE_COMPILATION_CONDITIONS = DEBUG;
				SWIFT_OPTIMIZATION_LEVEL = "-Onone";
				TARGETED_DEVICE_FAMILY = "1,2";
			};
			name = Debug;
		};
		F47BDEFE1F62602D00981E22 /* Release */ = {
			isa = XCBuildConfiguration;
			buildSettings = {
				ALWAYS_SEARCH_USER_PATHS = NO;
				CLANG_ANALYZER_NONNULL = YES;
				CLANG_ANALYZER_NUMBER_OBJECT_CONVERSION = YES_AGGRESSIVE;
				CLANG_CXX_LANGUAGE_STANDARD = "gnu++0x";
				CLANG_CXX_LIBRARY = "libc++";
				CLANG_ENABLE_MODULES = YES;
				CLANG_ENABLE_OBJC_ARC = YES;
				CLANG_WARN_BOOL_CONVERSION = YES;
				CLANG_WARN_CONSTANT_CONVERSION = YES;
				CLANG_WARN_DIRECT_OBJC_ISA_USAGE = YES_ERROR;
				CLANG_WARN_DOCUMENTATION_COMMENTS = YES;
				CLANG_WARN_EMPTY_BODY = YES;
				CLANG_WARN_ENUM_CONVERSION = YES;
				CLANG_WARN_INFINITE_RECURSION = YES;
				CLANG_WARN_INT_CONVERSION = YES;
				CLANG_WARN_OBJC_ROOT_CLASS = YES_ERROR;
				CLANG_WARN_SUSPICIOUS_MOVE = YES;
				CLANG_WARN_UNREACHABLE_CODE = YES;
				CLANG_WARN__DUPLICATE_METHOD_MATCH = YES;
				"CODE_SIGN_IDENTITY[sdk=iphoneos*]" = "iPhone Developer";
				COPY_PHASE_STRIP = NO;
				DEBUG_INFORMATION_FORMAT = "dwarf-with-dsym";
				ENABLE_NS_ASSERTIONS = NO;
				ENABLE_STRICT_OBJC_MSGSEND = YES;
				GCC_C_LANGUAGE_STANDARD = gnu99;
				GCC_NO_COMMON_BLOCKS = YES;
				GCC_WARN_64_TO_32_BIT_CONVERSION = YES;
				GCC_WARN_ABOUT_RETURN_TYPE = YES_ERROR;
				GCC_WARN_UNDECLARED_SELECTOR = YES;
				GCC_WARN_UNINITIALIZED_AUTOS = YES_AGGRESSIVE;
				GCC_WARN_UNUSED_FUNCTION = YES;
				GCC_WARN_UNUSED_VARIABLE = YES;
				IPHONEOS_DEPLOYMENT_TARGET = 10.3;
				MTL_ENABLE_DEBUG_INFO = NO;
				SDKROOT = iphoneos;
				SWIFT_OPTIMIZATION_LEVEL = "-Owholemodule";
				TARGETED_DEVICE_FAMILY = "1,2";
				VALIDATE_PRODUCT = YES;
			};
			name = Release;
		};
		F47BDF001F62602D00981E22 /* Debug */ = {
			isa = XCBuildConfiguration;
			buildSettings = {
				ASSETCATALOG_COMPILER_APPICON_NAME = AppIcon;
				INFOPLIST_FILE = DestinationYou/Info.plist;
				LD_RUNPATH_SEARCH_PATHS = "$(inherited) @executable_path/Frameworks";
				PRODUCT_BUNDLE_IDENTIFIER = com.codingdojo.DestinationYou;
				PRODUCT_NAME = "$(TARGET_NAME)";
				SWIFT_VERSION = 3.0;
			};
			name = Debug;
		};
		F47BDF011F62602D00981E22 /* Release */ = {
			isa = XCBuildConfiguration;
			buildSettings = {
				ASSETCATALOG_COMPILER_APPICON_NAME = AppIcon;
				INFOPLIST_FILE = DestinationYou/Info.plist;
				LD_RUNPATH_SEARCH_PATHS = "$(inherited) @executable_path/Frameworks";
				PRODUCT_BUNDLE_IDENTIFIER = com.codingdojo.DestinationYou;
				PRODUCT_NAME = "$(TARGET_NAME)";
				SWIFT_VERSION = 3.0;
			};
			name = Release;
		};
/* End XCBuildConfiguration section */

/* Begin XCConfigurationList section */
		F47BDEE51F62602D00981E22 /* Build configuration list for PBXProject "DestinationYou" */ = {
			isa = XCConfigurationList;
			buildConfigurations = (
				F47BDEFD1F62602D00981E22 /* Debug */,
				F47BDEFE1F62602D00981E22 /* Release */,
			);
			defaultConfigurationIsVisible = 0;
			defaultConfigurationName = Release;
		};
		F47BDEFF1F62602D00981E22 /* Build configuration list for PBXNativeTarget "DestinationYou" */ = {
			isa = XCConfigurationList;
			buildConfigurations = (
				F47BDF001F62602D00981E22 /* Debug */,
				F47BDF011F62602D00981E22 /* Release */,
			);
			defaultConfigurationIsVisible = 0;
		};
/* End XCConfigurationList section */

/* Begin XCVersionGroup section */
		F47BDEF41F62602D00981E22 /* DestinationYou.xcdatamodeld */ = {
			isa = XCVersionGroup;
			children = (
				F47BDEF51F62602D00981E22 /* DestinationYou.xcdatamodel */,
			);
			currentVersion = F47BDEF51F62602D00981E22 /* DestinationYou.xcdatamodel */;
			path = DestinationYou.xcdatamodeld;
			sourceTree = "<group>";
			versionGroupType = wrapper.xcdatamodel;
		};
/* End XCVersionGroup section */
	};
	rootObject = F47BDEE21F62602D00981E22 /* Project object */;
}
