// !$*UTF8*$!
{
	archiveVersion = 1;
	classes = {
	};
	objectVersion = 46;
	objects = {

/* Begin PBXBuildFile section */
		F437F75C1E842003008D92F3 /* ToDoCell.swift in Sources */ = {isa = PBXBuildFile; fileRef = F437F75B1E842003008D92F3 /* ToDoCell.swift */; };
		F437F75E1E846607008D92F3 /* AddItemPressedDelegate.swift in Sources */ = {isa = PBXBuildFile; fileRef = F437F75D1E846607008D92F3 /* AddItemPressedDelegate.swift */; };
		F437F7601E8469BD008D92F3 /* AddEventViewController.swift in Sources */ = {isa = PBXBuildFile; fileRef = F437F75F1E8469BD008D92F3 /* AddEventViewController.swift */; };
		F45C63DB1E8238060071AA1D /* AppDelegate.swift in Sources */ = {isa = PBXBuildFile; fileRef = F45C63DA1E8238060071AA1D /* AppDelegate.swift */; };
		F45C63DD1E8238060071AA1D /* DisplayEventsController.swift in Sources */ = {isa = PBXBuildFile; fileRef = F45C63DC1E8238060071AA1D /* DisplayEventsController.swift */; };
		F45C63E01E8238060071AA1D /* Main.storyboard in Resources */ = {isa = PBXBuildFile; fileRef = F45C63DE1E8238060071AA1D /* Main.storyboard */; };
		F45C63E31E8238060071AA1D /* ToDoList.xcdatamodeld in Sources */ = {isa = PBXBuildFile; fileRef = F45C63E11E8238060071AA1D /* ToDoList.xcdatamodeld */; };
		F45C63E51E8238060071AA1D /* Assets.xcassets in Resources */ = {isa = PBXBuildFile; fileRef = F45C63E41E8238060071AA1D /* Assets.xcassets */; };
		F45C63E81E8238060071AA1D /* LaunchScreen.storyboard in Resources */ = {isa = PBXBuildFile; fileRef = F45C63E61E8238060071AA1D /* LaunchScreen.storyboard */; };
/* End PBXBuildFile section */

/* Begin PBXFileReference section */
		F437F75B1E842003008D92F3 /* ToDoCell.swift */ = {isa = PBXFileReference; fileEncoding = 4; lastKnownFileType = sourcecode.swift; path = ToDoCell.swift; sourceTree = "<group>"; };
		F437F75D1E846607008D92F3 /* AddItemPressedDelegate.swift */ = {isa = PBXFileReference; fileEncoding = 4; lastKnownFileType = sourcecode.swift; path = AddItemPressedDelegate.swift; sourceTree = "<group>"; };
		F437F75F1E8469BD008D92F3 /* AddEventViewController.swift */ = {isa = PBXFileReference; fileEncoding = 4; lastKnownFileType = sourcecode.swift; path = AddEventViewController.swift; sourceTree = "<group>"; };
		F45C63D71E8238060071AA1D /* ToDoList.app */ = {isa = PBXFileReference; explicitFileType = wrapper.application; includeInIndex = 0; path = ToDoList.app; sourceTree = BUILT_PRODUCTS_DIR; };
		F45C63DA1E8238060071AA1D /* AppDelegate.swift */ = {isa = PBXFileReference; lastKnownFileType = sourcecode.swift; path = AppDelegate.swift; sourceTree = "<group>"; };
		F45C63DC1E8238060071AA1D /* DisplayEventsController.swift */ = {isa = PBXFileReference; lastKnownFileType = sourcecode.swift; path = DisplayEventsController.swift; sourceTree = "<group>"; };
		F45C63DF1E8238060071AA1D /* Base */ = {isa = PBXFileReference; lastKnownFileType = file.storyboard; name = Base; path = Base.lproj/Main.storyboard; sourceTree = "<group>"; };
		F45C63E21E8238060071AA1D /* ToDoList.xcdatamodel */ = {isa = PBXFileReference; lastKnownFileType = wrapper.xcdatamodel; path = ToDoList.xcdatamodel; sourceTree = "<group>"; };
		F45C63E41E8238060071AA1D /* Assets.xcassets */ = {isa = PBXFileReference; lastKnownFileType = folder.assetcatalog; path = Assets.xcassets; sourceTree = "<group>"; };
		F45C63E71E8238060071AA1D /* Base */ = {isa = PBXFileReference; lastKnownFileType = file.storyboard; name = Base; path = Base.lproj/LaunchScreen.storyboard; sourceTree = "<group>"; };
		F45C63E91E8238060071AA1D /* Info.plist */ = {isa = PBXFileReference; lastKnownFileType = text.plist.xml; path = Info.plist; sourceTree = "<group>"; };
/* End PBXFileReference section */

/* Begin PBXFrameworksBuildPhase section */
		F45C63D41E8238060071AA1D /* Frameworks */ = {
			isa = PBXFrameworksBuildPhase;
			buildActionMask = 2147483647;
			files = (
			);
			runOnlyForDeploymentPostprocessing = 0;
		};
/* End PBXFrameworksBuildPhase section */

/* Begin PBXGroup section */
		F45C63CE1E8238060071AA1D = {
			isa = PBXGroup;
			children = (
				F45C63D91E8238060071AA1D /* ToDoList */,
				F45C63D81E8238060071AA1D /* Products */,
			);
			sourceTree = "<group>";
		};
		F45C63D81E8238060071AA1D /* Products */ = {
			isa = PBXGroup;
			children = (
				F45C63D71E8238060071AA1D /* ToDoList.app */,
			);
			name = Products;
			sourceTree = "<group>";
		};
		F45C63D91E8238060071AA1D /* ToDoList */ = {
			isa = PBXGroup;
			children = (
				F437F75F1E8469BD008D92F3 /* AddEventViewController.swift */,
				F437F75D1E846607008D92F3 /* AddItemPressedDelegate.swift */,
				F45C63DA1E8238060071AA1D /* AppDelegate.swift */,
				F45C63DC1E8238060071AA1D /* DisplayEventsController.swift */,
				F45C63DE1E8238060071AA1D /* Main.storyboard */,
				F437F75B1E842003008D92F3 /* ToDoCell.swift */,
				F45C63E41E8238060071AA1D /* Assets.xcassets */,
				F45C63E61E8238060071AA1D /* LaunchScreen.storyboard */,
				F45C63E91E8238060071AA1D /* Info.plist */,
				F45C63E11E8238060071AA1D /* ToDoList.xcdatamodeld */,
			);
			path = ToDoList;
			sourceTree = "<group>";
		};
/* End PBXGroup section */

/* Begin PBXNativeTarget section */
		F45C63D61E8238060071AA1D /* ToDoList */ = {
			isa = PBXNativeTarget;
			buildConfigurationList = F45C63EC1E8238060071AA1D /* Build configuration list for PBXNativeTarget "ToDoList" */;
			buildPhases = (
				F45C63D31E8238060071AA1D /* Sources */,
				F45C63D41E8238060071AA1D /* Frameworks */,
				F45C63D51E8238060071AA1D /* Resources */,
			);
			buildRules = (
			);
			dependencies = (
			);
			name = ToDoList;
			productName = ToDoList;
			productReference = F45C63D71E8238060071AA1D /* ToDoList.app */;
			productType = "com.apple.product-type.application";
		};
/* End PBXNativeTarget section */

/* Begin PBXProject section */
		F45C63CF1E8238060071AA1D /* Project object */ = {
			isa = PBXProject;
			attributes = {
				LastSwiftUpdateCheck = 0820;
				LastUpgradeCheck = 0820;
				ORGANIZATIONNAME = "Joseph Zoland";
				TargetAttributes = {
					F45C63D61E8238060071AA1D = {
						CreatedOnToolsVersion = 8.2.1;
						ProvisioningStyle = Automatic;
					};
				};
			};
			buildConfigurationList = F45C63D21E8238060071AA1D /* Build configuration list for PBXProject "ToDoList" */;
			compatibilityVersion = "Xcode 3.2";
			developmentRegion = English;
			hasScannedForEncodings = 0;
			knownRegions = (
				en,
				Base,
			);
			mainGroup = F45C63CE1E8238060071AA1D;
			productRefGroup = F45C63D81E8238060071AA1D /* Products */;
			projectDirPath = "";
			projectRoot = "";
			targets = (
				F45C63D61E8238060071AA1D /* ToDoList */,
			);
		};
/* End PBXProject section */

/* Begin PBXResourcesBuildPhase section */
		F45C63D51E8238060071AA1D /* Resources */ = {
			isa = PBXResourcesBuildPhase;
			buildActionMask = 2147483647;
			files = (
				F45C63E81E8238060071AA1D /* LaunchScreen.storyboard in Resources */,
				F45C63E51E8238060071AA1D /* Assets.xcassets in Resources */,
				F45C63E01E8238060071AA1D /* Main.storyboard in Resources */,
			);
			runOnlyForDeploymentPostprocessing = 0;
		};
/* End PBXResourcesBuildPhase section */

/* Begin PBXSourcesBuildPhase section */
		F45C63D31E8238060071AA1D /* Sources */ = {
			isa = PBXSourcesBuildPhase;
			buildActionMask = 2147483647;
			files = (
				F45C63DD1E8238060071AA1D /* DisplayEventsController.swift in Sources */,
				F437F7601E8469BD008D92F3 /* AddEventViewController.swift in Sources */,
				F437F75E1E846607008D92F3 /* AddItemPressedDelegate.swift in Sources */,
				F45C63E31E8238060071AA1D /* ToDoList.xcdatamodeld in Sources */,
				F45C63DB1E8238060071AA1D /* AppDelegate.swift in Sources */,
				F437F75C1E842003008D92F3 /* ToDoCell.swift in Sources */,
			);
			runOnlyForDeploymentPostprocessing = 0;
		};
/* End PBXSourcesBuildPhase section */

/* Begin PBXVariantGroup section */
		F45C63DE1E8238060071AA1D /* Main.storyboard */ = {
			isa = PBXVariantGroup;
			children = (
				F45C63DF1E8238060071AA1D /* Base */,
			);
			name = Main.storyboard;
			sourceTree = "<group>";
		};
		F45C63E61E8238060071AA1D /* LaunchScreen.storyboard */ = {
			isa = PBXVariantGroup;
			children = (
				F45C63E71E8238060071AA1D /* Base */,
			);
			name = LaunchScreen.storyboard;
			sourceTree = "<group>";
		};
/* End PBXVariantGroup section */

/* Begin XCBuildConfiguration section */
		F45C63EA1E8238060071AA1D /* Debug */ = {
			isa = XCBuildConfiguration;
			buildSettings = {
				ALWAYS_SEARCH_USER_PATHS = NO;
				CLANG_ANALYZER_NONNULL = YES;
				CLANG_CXX_LANGUAGE_STANDARD = "gnu++0x";
				CLANG_CXX_LIBRARY = "libc++";
				CLANG_ENABLE_MODULES = YES;
				CLANG_ENABLE_OBJC_ARC = YES;
				CLANG_WARN_BOOL_CONVERSION = YES;
				CLANG_WARN_CONSTANT_CONVERSION = YES;
				CLANG_WARN_DIRECT_OBJC_ISA_USAGE = YES_ERROR;
				CLANG_WARN_DOCUMENTATION_COMMENTS = YES;
				CLANG_WARN_EMPTY_BODY = YES;
				CLANG_WARN_ENUM_CONVERSION = YES;
				CLANG_WARN_INFINITE_RECURSION = YES;
				CLANG_WARN_INT_CONVERSION = YES;
				CLANG_WARN_OBJC_ROOT_CLASS = YES_ERROR;
				CLANG_WARN_SUSPICIOUS_MOVE = YES;
				CLANG_WARN_UNREACHABLE_CODE = YES;
				CLANG_WARN__DUPLICATE_METHOD_MATCH = YES;
				"CODE_SIGN_IDENTITY[sdk=iphoneos*]" = "iPhone Developer";
				COPY_PHASE_STRIP = NO;
				DEBUG_INFORMATION_FORMAT = dwarf;
				ENABLE_STRICT_OBJC_MSGSEND = YES;
				ENABLE_TESTABILITY = YES;
				GCC_C_LANGUAGE_STANDARD = gnu99;
				GCC_DYNAMIC_NO_PIC = NO;
				GCC_NO_COMMON_BLOCKS = YES;
				GCC_OPTIMIZATION_LEVEL = 0;
				GCC_PREPROCESSOR_DEFINITIONS = (
					"DEBUG=1",
					"$(inherited)",
				);
				GCC_WARN_64_TO_32_BIT_CONVERSION = YES;
				GCC_WARN_ABOUT_RETURN_TYPE = YES_ERROR;
				GCC_WARN_UNDECLARED_SELECTOR = YES;
				GCC_WARN_UNINITIALIZED_AUTOS = YES_AGGRESSIVE;
				GCC_WARN_UNUSED_FUNCTION = YES;
				GCC_WARN_UNUSED_VARIABLE = YES;
				IPHONEOS_DEPLOYMENT_TARGET = 10.2;
				MTL_ENABLE_DEBUG_INFO = YES;
				ONLY_ACTIVE_ARCH = YES;
				SDKROOT = iphoneos;
				SWIFT_ACTIVE_COMPILATION_CONDITIONS = DEBUG;
				SWIFT_OPTIMIZATION_LEVEL = "-Onone";
				TARGETED_DEVICE_FAMILY = "1,2";
			};
			name = Debug;
		};
		F45C63EB1E8238060071AA1D /* Release */ = {
			isa = XCBuildConfiguration;
			buildSettings = {
				ALWAYS_SEARCH_USER_PATHS = NO;
				CLANG_ANALYZER_NONNULL = YES;
				CLANG_CXX_LANGUAGE_STANDARD = "gnu++0x";
				CLANG_CXX_LIBRARY = "libc++";
				CLANG_ENABLE_MODULES = YES;
				CLANG_ENABLE_OBJC_ARC = YES;
				CLANG_WARN_BOOL_CONVERSION = YES;
				CLANG_WARN_CONSTANT_CONVERSION = YES;
				CLANG_WARN_DIRECT_OBJC_ISA_USAGE = YES_ERROR;
				CLANG_WARN_DOCUMENTATION_COMMENTS = YES;
				CLANG_WARN_EMPTY_BODY = YES;
				CLANG_WARN_ENUM_CONVERSION = YES;
				CLANG_WARN_INFINITE_RECURSION = YES;
				CLANG_WARN_INT_CONVERSION = YES;
				CLANG_WARN_OBJC_ROOT_CLASS = YES_ERROR;
				CLANG_WARN_SUSPICIOUS_MOVE = YES;
				CLANG_WARN_UNREACHABLE_CODE = YES;
				CLANG_WARN__DUPLICATE_METHOD_MATCH = YES;
				"CODE_SIGN_IDENTITY[sdk=iphoneos*]" = "iPhone Developer";
				COPY_PHASE_STRIP = NO;
				DEBUG_INFORMATION_FORMAT = "dwarf-with-dsym";
				ENABLE_NS_ASSERTIONS = NO;
				ENABLE_STRICT_OBJC_MSGSEND = YES;
				GCC_C_LANGUAGE_STANDARD = gnu99;
				GCC_NO_COMMON_BLOCKS = YES;
				GCC_WARN_64_TO_32_BIT_CONVERSION = YES;
				GCC_WARN_ABOUT_RETURN_TYPE = YES_ERROR;
				GCC_WARN_UNDECLARED_SELECTOR = YES;
				GCC_WARN_UNINITIALIZED_AUTOS = YES_AGGRESSIVE;
				GCC_WARN_UNUSED_FUNCTION = YES;
				GCC_WARN_UNUSED_VARIABLE = YES;
				IPHONEOS_DEPLOYMENT_TARGET = 10.2;
				MTL_ENABLE_DEBUG_INFO = NO;
				SDKROOT = iphoneos;
				SWIFT_OPTIMIZATION_LEVEL = "-Owholemodule";
				TARGETED_DEVICE_FAMILY = "1,2";
				VALIDATE_PRODUCT = YES;
			};
			name = Release;
		};
		F45C63ED1E8238060071AA1D /* Debug */ = {
			isa = XCBuildConfiguration;
			buildSettings = {
				ASSETCATALOG_COMPILER_APPICON_NAME = AppIcon;
				INFOPLIST_FILE = ToDoList/Info.plist;
				LD_RUNPATH_SEARCH_PATHS = "$(inherited) @executable_path/Frameworks";
				PRODUCT_BUNDLE_IDENTIFIER = com.codingdojo.ToDoList;
				PRODUCT_NAME = "$(TARGET_NAME)";
				SWIFT_VERSION = 3.0;
			};
			name = Debug;
		};
		F45C63EE1E8238060071AA1D /* Release */ = {
			isa = XCBuildConfiguration;
			buildSettings = {
				ASSETCATALOG_COMPILER_APPICON_NAME = AppIcon;
				INFOPLIST_FILE = ToDoList/Info.plist;
				LD_RUNPATH_SEARCH_PATHS = "$(inherited) @executable_path/Frameworks";
				PRODUCT_BUNDLE_IDENTIFIER = com.codingdojo.ToDoList;
				PRODUCT_NAME = "$(TARGET_NAME)";
				SWIFT_VERSION = 3.0;
			};
			name = Release;
		};
/* End XCBuildConfiguration section */

/* Begin XCConfigurationList section */
		F45C63D21E8238060071AA1D /* Build configuration list for PBXProject "ToDoList" */ = {
			isa = XCConfigurationList;
			buildConfigurations = (
				F45C63EA1E8238060071AA1D /* Debug */,
				F45C63EB1E8238060071AA1D /* Release */,
			);
			defaultConfigurationIsVisible = 0;
			defaultConfigurationName = Release;
		};
		F45C63EC1E8238060071AA1D /* Build configuration list for PBXNativeTarget "ToDoList" */ = {
			isa = XCConfigurationList;
			buildConfigurations = (
				F45C63ED1E8238060071AA1D /* Debug */,
				F45C63EE1E8238060071AA1D /* Release */,
			);
			defaultConfigurationIsVisible = 0;
			defaultConfigurationName = Release;
		};
/* End XCConfigurationList section */

/* Begin XCVersionGroup section */
		F45C63E11E8238060071AA1D /* ToDoList.xcdatamodeld */ = {
			isa = XCVersionGroup;
			children = (
				F45C63E21E8238060071AA1D /* ToDoList.xcdatamodel */,
			);
			currentVersion = F45C63E21E8238060071AA1D /* ToDoList.xcdatamodel */;
			path = ToDoList.xcdatamodeld;
			sourceTree = "<group>";
			versionGroupType = wrapper.xcdatamodel;
		};
/* End XCVersionGroup section */
	};
	rootObject = F45C63CF1E8238060071AA1D /* Project object */;
}
